PODS:
  - ActionSheetPicker-3.0 (1.6.2)
  - AFNetworking (2.5.4):
    - AFNetworking/NSURLConnection (= 2.5.4)
    - AFNetworking/NSURLSession (= 2.5.4)
    - AFNetworking/Reachability (= 2.5.4)
    - AFNetworking/Security (= 2.5.4)
    - AFNetworking/Serialization (= 2.5.4)
    - AFNetworking/UIKit (= 2.5.4)
  - AFNetworking/NSURLConnection (2.5.4):
    - AFNetworking/Reachability
    - AFNetworking/Security
    - AFNetworking/Serialization
  - AFNetworking/NSURLSession (2.5.4):
    - AFNetworking/Reachability
    - AFNetworking/Security
    - AFNetworking/Serialization
  - AFNetworking/Reachability (2.5.4)
  - AFNetworking/Security (2.5.4)
  - AFNetworking/Serialization (2.5.4)
  - AFNetworking/UIKit (2.5.4):
    - AFNetworking/NSURLConnection
    - AFNetworking/NSURLSession
  - REFrostedViewController (2.4.8)
  - RESideMenu (4.0.7)

DEPENDENCIES:
  - ActionSheetPicker-3.0
  - AFNetworking (~> 2.0)
  - REFrostedViewController (~> 2.4)
  - RESideMenu (~> 4.0.7)

SPEC CHECKSUMS:
  ActionSheetPicker-3.0: cc9f90ae785070623e9b972270013c3242190fb0
  AFNetworking: 05edc0ac4c4c8cf57bcf4b84be5b0744b6d8e71e
  REFrostedViewController: a893b4979ba1f200c547aef9ff4c3fd5a18f5923
  RESideMenu: f24c508404b49c667344c54aba7e590883533958

COCOAPODS: 0.38.2
