// !$*UTF8*$!
{
	archiveVersion = 1;
	classes = {
	};
	objectVersion = 46;
	objects = {

/* Begin PBXBuildFile section */
		7603A8231AFBD082007E4B78 /* ObjectDetailInCategorySearchViewController.m in Sources */ = {isa = PBXBuildFile; fileRef = 7603A8221AFBD082007E4B78 /* ObjectDetailInCategorySearchViewController.m */; };
		7603A8261AFBD19C007E4B78 /* ObjectDetailInCategoryViewController.m in Sources */ = {isa = PBXBuildFile; fileRef = 7603A8251AFBD19C007E4B78 /* ObjectDetailInCategoryViewController.m */; };
		7603A8291AFC58F6007E4B78 /* OrderViewController.m in Sources */ = {isa = PBXBuildFile; fileRef = 7603A8281AFC58F6007E4B78 /* OrderViewController.m */; };
		7603A82C1AFC682A007E4B78 /* ShopViewController.m in Sources */ = {isa = PBXBuildFile; fileRef = 7603A82B1AFC682A007E4B78 /* ShopViewController.m */; };
		7603A82F1AFD1F9F007E4B78 /* ObjectDetailInShopViewController.m in Sources */ = {isa = PBXBuildFile; fileRef = 7603A82E1AFD1F9F007E4B78 /* ObjectDetailInShopViewController.m */; };
		7609A1091AFF58F800B134C9 /* ObjectBuyInMainViewController.m in Sources */ = {isa = PBXBuildFile; fileRef = 7609A1081AFF58F800B134C9 /* ObjectBuyInMainViewController.m */; };
		7609A10C1AFF681D00B134C9 /* ObjectBuyResultInMainViewController.m in Sources */ = {isa = PBXBuildFile; fileRef = 7609A10B1AFF681D00B134C9 /* ObjectBuyResultInMainViewController.m */; };
		7609A10F1AFF768C00B134C9 /* ObjectBuyInMainSearchViewController.m in Sources */ = {isa = PBXBuildFile; fileRef = 7609A10E1AFF768C00B134C9 /* ObjectBuyInMainSearchViewController.m */; };
		7609A1121AFF76AF00B134C9 /* ObjectBuyResultInMainSearchViewController.m in Sources */ = {isa = PBXBuildFile; fileRef = 7609A1111AFF76AF00B134C9 /* ObjectBuyResultInMainSearchViewController.m */; };
		7609A1151AFF7CBA00B134C9 /* ObjectBuyInCategoryViewController.m in Sources */ = {isa = PBXBuildFile; fileRef = 7609A1141AFF7CBA00B134C9 /* ObjectBuyInCategoryViewController.m */; };
		7609A1181AFF7CF000B134C9 /* ObjectBuyResultInCategoryViewController.m in Sources */ = {isa = PBXBuildFile; fileRef = 7609A1171AFF7CF000B134C9 /* ObjectBuyResultInCategoryViewController.m */; };
		7609A11B1AFF80F300B134C9 /* ObjectBuyResultInCategorySearchViewController.m in Sources */ = {isa = PBXBuildFile; fileRef = 7609A11A1AFF80F300B134C9 /* ObjectBuyResultInCategorySearchViewController.m */; };
		7609A11E1AFF815A00B134C9 /* ObjectBuyInCategorySearchViewController.m in Sources */ = {isa = PBXBuildFile; fileRef = 7609A11D1AFF815A00B134C9 /* ObjectBuyInCategorySearchViewController.m */; };
		7651D2C11AF07434003184A8 /* CategoryViewController.m in Sources */ = {isa = PBXBuildFile; fileRef = 7651D2C01AF07434003184A8 /* CategoryViewController.m */; };
		7651D2C41AF0771B003184A8 /* SellingViewController.m in Sources */ = {isa = PBXBuildFile; fileRef = 7651D2C31AF0771B003184A8 /* SellingViewController.m */; };
		7651D2C71AF079BD003184A8 /* AccountViewController.m in Sources */ = {isa = PBXBuildFile; fileRef = 7651D2C61AF079BD003184A8 /* AccountViewController.m */; };
		769F994B1B0B77FF00161818 /* libMobClickLibrary.a in Frameworks */ = {isa = PBXBuildFile; fileRef = 769F99491B0B77FF00161818 /* libMobClickLibrary.a */; };
		769F994E1B0B788D00161818 /* libz.dylib in Frameworks */ = {isa = PBXBuildFile; fileRef = 769F994D1B0B788D00161818 /* libz.dylib */; };
		769F99511B0C2A0200161818 /* ChangeNickNameViewController.m in Sources */ = {isa = PBXBuildFile; fileRef = 769F99501B0C2A0200161818 /* ChangeNickNameViewController.m */; };
		769F99541B0CADED00161818 /* VerificationViewController.m in Sources */ = {isa = PBXBuildFile; fileRef = 769F99531B0CADED00161818 /* VerificationViewController.m */; };
		76A2515E1AFB7CF80017F285 /* WebViewJavascriptBridge.js.txt in Resources */ = {isa = PBXBuildFile; fileRef = 76A2515C1AFB7CF80017F285 /* WebViewJavascriptBridge.js.txt */; };
		76A2515F1AFB7CF80017F285 /* WebViewJavascriptBridge.m in Sources */ = {isa = PBXBuildFile; fileRef = 76A2515D1AFB7CF80017F285 /* WebViewJavascriptBridge.m */; };
		76A251621AFB866A0017F285 /* CategoryDetailViewController.m in Sources */ = {isa = PBXBuildFile; fileRef = 76A251611AFB866A0017F285 /* CategoryDetailViewController.m */; };
		76B6ACF51AFA273C00A987C2 /* forgetPasswordViewController.m in Sources */ = {isa = PBXBuildFile; fileRef = 76B6ACF41AFA273C00A987C2 /* forgetPasswordViewController.m */; };
		76B6ACF81AFA27D200A987C2 /* registerViewController.m in Sources */ = {isa = PBXBuildFile; fileRef = 76B6ACF71AFA27D200A987C2 /* registerViewController.m */; };
		76B6ACFB1AFA34E800A987C2 /* SearchInMainViewController.m in Sources */ = {isa = PBXBuildFile; fileRef = 76B6ACFA1AFA34E800A987C2 /* SearchInMainViewController.m */; };
		76B6ACFE1AFA49AC00A987C2 /* MyNavigationController.m in Sources */ = {isa = PBXBuildFile; fileRef = 76B6ACFD1AFA49AC00A987C2 /* MyNavigationController.m */; };
		76B6AD011AFA6B4800A987C2 /* Main.storyboard in Resources */ = {isa = PBXBuildFile; fileRef = 76B6ACFF1AFA6B4800A987C2 /* Main.storyboard */; };
		76B6AD051AFA78C500A987C2 /* SearchInCategoryViewController.m in Sources */ = {isa = PBXBuildFile; fileRef = 76B6AD041AFA78C500A987C2 /* SearchInCategoryViewController.m */; };
		76C3F9B41AFBB0B400821B9B /* ObjectDetailViewInMainController.m in Sources */ = {isa = PBXBuildFile; fileRef = 76C3F9B31AFBB0B400821B9B /* ObjectDetailViewInMainController.m */; };
		76C3F9B71AFBB83600821B9B /* ObjectDetailInMainSearchViewController.m in Sources */ = {isa = PBXBuildFile; fileRef = 76C3F9B61AFBB83600821B9B /* ObjectDetailInMainSearchViewController.m */; };
		76C522F91AF0622E00476769 /* MyTabBarController.m in Sources */ = {isa = PBXBuildFile; fileRef = 76C522F81AF0622E00476769 /* MyTabBarController.m */; };
		76E333321AEDF8C40077BACF /* main.m in Sources */ = {isa = PBXBuildFile; fileRef = 76E333311AEDF8C40077BACF /* main.m */; };
		76E333351AEDF8C40077BACF /* AppDelegate.m in Sources */ = {isa = PBXBuildFile; fileRef = 76E333341AEDF8C40077BACF /* AppDelegate.m */; };
		76E333381AEDF8C40077BACF /* YunGeZi.xcdatamodeld in Sources */ = {isa = PBXBuildFile; fileRef = 76E333361AEDF8C40077BACF /* YunGeZi.xcdatamodeld */; };
		76E3333B1AEDF8C40077BACF /* ViewController.m in Sources */ = {isa = PBXBuildFile; fileRef = 76E3333A1AEDF8C40077BACF /* ViewController.m */; };
		76E333401AEDF8C40077BACF /* Images.xcassets in Resources */ = {isa = PBXBuildFile; fileRef = 76E3333F1AEDF8C40077BACF /* Images.xcassets */; };
		76E333431AEDF8C40077BACF /* LaunchScreen.xib in Resources */ = {isa = PBXBuildFile; fileRef = 76E333411AEDF8C40077BACF /* LaunchScreen.xib */; };
		76E3334F1AEDF8C40077BACF /* YunGeZiTests.m in Sources */ = {isa = PBXBuildFile; fileRef = 76E3334E1AEDF8C40077BACF /* YunGeZiTests.m */; };
		76F426AB1AEF271B00A5849A /* MainPageViewController.m in Sources */ = {isa = PBXBuildFile; fileRef = 76F426AA1AEF271B00A5849A /* MainPageViewController.m */; };
/* End PBXBuildFile section */

/* Begin PBXContainerItemProxy section */
		76E333491AEDF8C40077BACF /* PBXContainerItemProxy */ = {
			isa = PBXContainerItemProxy;
			containerPortal = 76E333241AEDF8C30077BACF /* Project object */;
			proxyType = 1;
			remoteGlobalIDString = 76E3332B1AEDF8C40077BACF;
			remoteInfo = YunGeZi;
		};
/* End PBXContainerItemProxy section */

/* Begin PBXFileReference section */
		7603A8211AFBD082007E4B78 /* ObjectDetailInCategorySearchViewController.h */ = {isa = PBXFileReference; fileEncoding = 4; lastKnownFileType = sourcecode.c.h; path = ObjectDetailInCategorySearchViewController.h; sourceTree = "<group>"; };
		7603A8221AFBD082007E4B78 /* ObjectDetailInCategorySearchViewController.m */ = {isa = PBXFileReference; fileEncoding = 4; lastKnownFileType = sourcecode.c.objc; path = ObjectDetailInCategorySearchViewController.m; sourceTree = "<group>"; };
		7603A8241AFBD19C007E4B78 /* ObjectDetailInCategoryViewController.h */ = {isa = PBXFileReference; fileEncoding = 4; lastKnownFileType = sourcecode.c.h; path = ObjectDetailInCategoryViewController.h; sourceTree = "<group>"; };
		7603A8251AFBD19C007E4B78 /* ObjectDetailInCategoryViewController.m */ = {isa = PBXFileReference; fileEncoding = 4; lastKnownFileType = sourcecode.c.objc; path = ObjectDetailInCategoryViewController.m; sourceTree = "<group>"; };
		7603A8271AFC58F6007E4B78 /* OrderViewController.h */ = {isa = PBXFileReference; fileEncoding = 4; lastKnownFileType = sourcecode.c.h; path = OrderViewController.h; sourceTree = "<group>"; };
		7603A8281AFC58F6007E4B78 /* OrderViewController.m */ = {isa = PBXFileReference; fileEncoding = 4; lastKnownFileType = sourcecode.c.objc; path = OrderViewController.m; sourceTree = "<group>"; };
		7603A82A1AFC682A007E4B78 /* ShopViewController.h */ = {isa = PBXFileReference; fileEncoding = 4; lastKnownFileType = sourcecode.c.h; path = ShopViewController.h; sourceTree = "<group>"; };
		7603A82B1AFC682A007E4B78 /* ShopViewController.m */ = {isa = PBXFileReference; fileEncoding = 4; lastKnownFileType = sourcecode.c.objc; path = ShopViewController.m; sourceTree = "<group>"; };
		7603A82D1AFD1F9F007E4B78 /* ObjectDetailInShopViewController.h */ = {isa = PBXFileReference; fileEncoding = 4; lastKnownFileType = sourcecode.c.h; path = ObjectDetailInShopViewController.h; sourceTree = "<group>"; };
		7603A82E1AFD1F9F007E4B78 /* ObjectDetailInShopViewController.m */ = {isa = PBXFileReference; fileEncoding = 4; lastKnownFileType = sourcecode.c.objc; path = ObjectDetailInShopViewController.m; sourceTree = "<group>"; };
		7609A1071AFF58F800B134C9 /* ObjectBuyInMainViewController.h */ = {isa = PBXFileReference; fileEncoding = 4; lastKnownFileType = sourcecode.c.h; path = ObjectBuyInMainViewController.h; sourceTree = "<group>"; };
		7609A1081AFF58F800B134C9 /* ObjectBuyInMainViewController.m */ = {isa = PBXFileReference; fileEncoding = 4; lastKnownFileType = sourcecode.c.objc; path = ObjectBuyInMainViewController.m; sourceTree = "<group>"; };
		7609A10A1AFF681D00B134C9 /* ObjectBuyResultInMainViewController.h */ = {isa = PBXFileReference; fileEncoding = 4; lastKnownFileType = sourcecode.c.h; path = ObjectBuyResultInMainViewController.h; sourceTree = "<group>"; };
		7609A10B1AFF681D00B134C9 /* ObjectBuyResultInMainViewController.m */ = {isa = PBXFileReference; fileEncoding = 4; lastKnownFileType = sourcecode.c.objc; path = ObjectBuyResultInMainViewController.m; sourceTree = "<group>"; };
		7609A10D1AFF768C00B134C9 /* ObjectBuyInMainSearchViewController.h */ = {isa = PBXFileReference; fileEncoding = 4; lastKnownFileType = sourcecode.c.h; path = ObjectBuyInMainSearchViewController.h; sourceTree = "<group>"; };
		7609A10E1AFF768C00B134C9 /* ObjectBuyInMainSearchViewController.m */ = {isa = PBXFileReference; fileEncoding = 4; lastKnownFileType = sourcecode.c.objc; path = ObjectBuyInMainSearchViewController.m; sourceTree = "<group>"; };
		7609A1101AFF76AF00B134C9 /* ObjectBuyResultInMainSearchViewController.h */ = {isa = PBXFileReference; fileEncoding = 4; lastKnownFileType = sourcecode.c.h; path = ObjectBuyResultInMainSearchViewController.h; sourceTree = "<group>"; };
		7609A1111AFF76AF00B134C9 /* ObjectBuyResultInMainSearchViewController.m */ = {isa = PBXFileReference; fileEncoding = 4; lastKnownFileType = sourcecode.c.objc; path = ObjectBuyResultInMainSearchViewController.m; sourceTree = "<group>"; };
		7609A1131AFF7CBA00B134C9 /* ObjectBuyInCategoryViewController.h */ = {isa = PBXFileReference; fileEncoding = 4; lastKnownFileType = sourcecode.c.h; path = ObjectBuyInCategoryViewController.h; sourceTree = "<group>"; };
		7609A1141AFF7CBA00B134C9 /* ObjectBuyInCategoryViewController.m */ = {isa = PBXFileReference; fileEncoding = 4; lastKnownFileType = sourcecode.c.objc; path = ObjectBuyInCategoryViewController.m; sourceTree = "<group>"; };
		7609A1161AFF7CF000B134C9 /* ObjectBuyResultInCategoryViewController.h */ = {isa = PBXFileReference; fileEncoding = 4; lastKnownFileType = sourcecode.c.h; path = ObjectBuyResultInCategoryViewController.h; sourceTree = "<group>"; };
		7609A1171AFF7CF000B134C9 /* ObjectBuyResultInCategoryViewController.m */ = {isa = PBXFileReference; fileEncoding = 4; lastKnownFileType = sourcecode.c.objc; path = ObjectBuyResultInCategoryViewController.m; sourceTree = "<group>"; };
		7609A1191AFF80F300B134C9 /* ObjectBuyResultInCategorySearchViewController.h */ = {isa = PBXFileReference; fileEncoding = 4; lastKnownFileType = sourcecode.c.h; path = ObjectBuyResultInCategorySearchViewController.h; sourceTree = "<group>"; };
		7609A11A1AFF80F300B134C9 /* ObjectBuyResultInCategorySearchViewController.m */ = {isa = PBXFileReference; fileEncoding = 4; lastKnownFileType = sourcecode.c.objc; path = ObjectBuyResultInCategorySearchViewController.m; sourceTree = "<group>"; };
		7609A11C1AFF815A00B134C9 /* ObjectBuyInCategorySearchViewController.h */ = {isa = PBXFileReference; fileEncoding = 4; lastKnownFileType = sourcecode.c.h; path = ObjectBuyInCategorySearchViewController.h; sourceTree = "<group>"; };
		7609A11D1AFF815A00B134C9 /* ObjectBuyInCategorySearchViewController.m */ = {isa = PBXFileReference; fileEncoding = 4; lastKnownFileType = sourcecode.c.objc; path = ObjectBuyInCategorySearchViewController.m; sourceTree = "<group>"; };
		7651D2BF1AF07434003184A8 /* CategoryViewController.h */ = {isa = PBXFileReference; fileEncoding = 4; lastKnownFileType = sourcecode.c.h; path = CategoryViewController.h; sourceTree = "<group>"; };
		7651D2C01AF07434003184A8 /* CategoryViewController.m */ = {isa = PBXFileReference; fileEncoding = 4; lastKnownFileType = sourcecode.c.objc; path = CategoryViewController.m; sourceTree = "<group>"; };
		7651D2C21AF0771B003184A8 /* SellingViewController.h */ = {isa = PBXFileReference; fileEncoding = 4; lastKnownFileType = sourcecode.c.h; path = SellingViewController.h; sourceTree = "<group>"; };
		7651D2C31AF0771B003184A8 /* SellingViewController.m */ = {isa = PBXFileReference; fileEncoding = 4; lastKnownFileType = sourcecode.c.objc; path = SellingViewController.m; sourceTree = "<group>"; };
		7651D2C51AF079BD003184A8 /* AccountViewController.h */ = {isa = PBXFileReference; fileEncoding = 4; lastKnownFileType = sourcecode.c.h; path = AccountViewController.h; sourceTree = "<group>"; };
		7651D2C61AF079BD003184A8 /* AccountViewController.m */ = {isa = PBXFileReference; fileEncoding = 4; lastKnownFileType = sourcecode.c.objc; path = AccountViewController.m; sourceTree = "<group>"; };
		769F99491B0B77FF00161818 /* libMobClickLibrary.a */ = {isa = PBXFileReference; lastKnownFileType = archive.ar; name = libMobClickLibrary.a; path = ../libMobClickLibrary.a; sourceTree = "<group>"; };
		769F994A1B0B77FF00161818 /* MobClick.h */ = {isa = PBXFileReference; fileEncoding = 4; lastKnownFileType = sourcecode.c.h; name = MobClick.h; path = ../MobClick.h; sourceTree = "<group>"; };
		769F994D1B0B788D00161818 /* libz.dylib */ = {isa = PBXFileReference; lastKnownFileType = "compiled.mach-o.dylib"; name = libz.dylib; path = usr/lib/libz.dylib; sourceTree = SDKROOT; };
		769F994F1B0C2A0200161818 /* ChangeNickNameViewController.h */ = {isa = PBXFileReference; fileEncoding = 4; lastKnownFileType = sourcecode.c.h; path = ChangeNickNameViewController.h; sourceTree = "<group>"; };
		769F99501B0C2A0200161818 /* ChangeNickNameViewController.m */ = {isa = PBXFileReference; fileEncoding = 4; lastKnownFileType = sourcecode.c.objc; path = ChangeNickNameViewController.m; sourceTree = "<group>"; };
		769F99521B0CADED00161818 /* VerificationViewController.h */ = {isa = PBXFileReference; fileEncoding = 4; lastKnownFileType = sourcecode.c.h; path = VerificationViewController.h; sourceTree = "<group>"; };
		769F99531B0CADED00161818 /* VerificationViewController.m */ = {isa = PBXFileReference; fileEncoding = 4; lastKnownFileType = sourcecode.c.objc; path = VerificationViewController.m; sourceTree = "<group>"; };
		76A2515B1AFB7CF80017F285 /* WebViewJavascriptBridge.h */ = {isa = PBXFileReference; fileEncoding = 4; lastKnownFileType = sourcecode.c.h; path = WebViewJavascriptBridge.h; sourceTree = "<group>"; };
		76A2515C1AFB7CF80017F285 /* WebViewJavascriptBridge.js.txt */ = {isa = PBXFileReference; fileEncoding = 4; lastKnownFileType = text; path = WebViewJavascriptBridge.js.txt; sourceTree = "<group>"; };
		76A2515D1AFB7CF80017F285 /* WebViewJavascriptBridge.m */ = {isa = PBXFileReference; fileEncoding = 4; lastKnownFileType = sourcecode.c.objc; path = WebViewJavascriptBridge.m; sourceTree = "<group>"; };
		76A251601AFB866A0017F285 /* CategoryDetailViewController.h */ = {isa = PBXFileReference; fileEncoding = 4; lastKnownFileType = sourcecode.c.h; path = CategoryDetailViewController.h; sourceTree = "<group>"; };
		76A251611AFB866A0017F285 /* CategoryDetailViewController.m */ = {isa = PBXFileReference; fileEncoding = 4; lastKnownFileType = sourcecode.c.objc; path = CategoryDetailViewController.m; sourceTree = "<group>"; };
		76B6ACF31AFA273C00A987C2 /* forgetPasswordViewController.h */ = {isa = PBXFileReference; fileEncoding = 4; lastKnownFileType = sourcecode.c.h; path = forgetPasswordViewController.h; sourceTree = "<group>"; };
		76B6ACF41AFA273C00A987C2 /* forgetPasswordViewController.m */ = {isa = PBXFileReference; fileEncoding = 4; lastKnownFileType = sourcecode.c.objc; path = forgetPasswordViewController.m; sourceTree = "<group>"; };
		76B6ACF61AFA27D200A987C2 /* registerViewController.h */ = {isa = PBXFileReference; fileEncoding = 4; lastKnownFileType = sourcecode.c.h; path = registerViewController.h; sourceTree = "<group>"; };
		76B6ACF71AFA27D200A987C2 /* registerViewController.m */ = {isa = PBXFileReference; fileEncoding = 4; lastKnownFileType = sourcecode.c.objc; path = registerViewController.m; sourceTree = "<group>"; };
		76B6ACFA1AFA34E800A987C2 /* SearchInMainViewController.m */ = {isa = PBXFileReference; fileEncoding = 4; lastKnownFileType = sourcecode.c.objc; path = SearchInMainViewController.m; sourceTree = "<group>"; };
		76B6ACFC1AFA49AC00A987C2 /* MyNavigationController.h */ = {isa = PBXFileReference; fileEncoding = 4; lastKnownFileType = sourcecode.c.h; path = MyNavigationController.h; sourceTree = "<group>"; };
		76B6ACFD1AFA49AC00A987C2 /* MyNavigationController.m */ = {isa = PBXFileReference; fileEncoding = 4; lastKnownFileType = sourcecode.c.objc; path = MyNavigationController.m; sourceTree = "<group>"; };
		76B6AD001AFA6B4800A987C2 /* Base */ = {isa = PBXFileReference; lastKnownFileType = file.storyboard; name = Base; path = Base.lproj/Main.storyboard; sourceTree = "<group>"; };
		76B6AD021AFA6B7200A987C2 /* SearchInMainViewController.h */ = {isa = PBXFileReference; fileEncoding = 4; lastKnownFileType = sourcecode.c.h; path = SearchInMainViewController.h; sourceTree = "<group>"; };
		76B6AD031AFA78C500A987C2 /* SearchInCategoryViewController.h */ = {isa = PBXFileReference; fileEncoding = 4; lastKnownFileType = sourcecode.c.h; path = SearchInCategoryViewController.h; sourceTree = "<group>"; };
		76B6AD041AFA78C500A987C2 /* SearchInCategoryViewController.m */ = {isa = PBXFileReference; fileEncoding = 4; lastKnownFileType = sourcecode.c.objc; path = SearchInCategoryViewController.m; sourceTree = "<group>"; };
		76C3F9B21AFBB0B400821B9B /* ObjectDetailViewInMainController.h */ = {isa = PBXFileReference; fileEncoding = 4; lastKnownFileType = sourcecode.c.h; path = ObjectDetailViewInMainController.h; sourceTree = "<group>"; };
		76C3F9B31AFBB0B400821B9B /* ObjectDetailViewInMainController.m */ = {isa = PBXFileReference; fileEncoding = 4; lastKnownFileType = sourcecode.c.objc; path = ObjectDetailViewInMainController.m; sourceTree = "<group>"; };
		76C3F9B51AFBB83600821B9B /* ObjectDetailInMainSearchViewController.h */ = {isa = PBXFileReference; fileEncoding = 4; lastKnownFileType = sourcecode.c.h; path = ObjectDetailInMainSearchViewController.h; sourceTree = "<group>"; };
		76C3F9B61AFBB83600821B9B /* ObjectDetailInMainSearchViewController.m */ = {isa = PBXFileReference; fileEncoding = 4; lastKnownFileType = sourcecode.c.objc; path = ObjectDetailInMainSearchViewController.m; sourceTree = "<group>"; };
		76C522F71AF0622E00476769 /* MyTabBarController.h */ = {isa = PBXFileReference; fileEncoding = 4; lastKnownFileType = sourcecode.c.h; path = MyTabBarController.h; sourceTree = "<group>"; };
		76C522F81AF0622E00476769 /* MyTabBarController.m */ = {isa = PBXFileReference; fileEncoding = 4; lastKnownFileType = sourcecode.c.objc; path = MyTabBarController.m; sourceTree = "<group>"; };
		76E3332C1AEDF8C40077BACF /* YunGeZi.app */ = {isa = PBXFileReference; explicitFileType = wrapper.application; includeInIndex = 0; path = YunGeZi.app; sourceTree = BUILT_PRODUCTS_DIR; };
		76E333301AEDF8C40077BACF /* Info.plist */ = {isa = PBXFileReference; lastKnownFileType = text.plist.xml; path = Info.plist; sourceTree = "<group>"; };
		76E333311AEDF8C40077BACF /* main.m */ = {isa = PBXFileReference; lastKnownFileType = sourcecode.c.objc; path = main.m; sourceTree = "<group>"; };
		76E333331AEDF8C40077BACF /* AppDelegate.h */ = {isa = PBXFileReference; lastKnownFileType = sourcecode.c.h; path = AppDelegate.h; sourceTree = "<group>"; };
		76E333341AEDF8C40077BACF /* AppDelegate.m */ = {isa = PBXFileReference; lastKnownFileType = sourcecode.c.objc; path = AppDelegate.m; sourceTree = "<group>"; };
		76E333371AEDF8C40077BACF /* YunGeZi.xcdatamodel */ = {isa = PBXFileReference; lastKnownFileType = wrapper.xcdatamodel; path = YunGeZi.xcdatamodel; sourceTree = "<group>"; };
		76E333391AEDF8C40077BACF /* ViewController.h */ = {isa = PBXFileReference; lastKnownFileType = sourcecode.c.h; path = ViewController.h; sourceTree = "<group>"; };
		76E3333A1AEDF8C40077BACF /* ViewController.m */ = {isa = PBXFileReference; lastKnownFileType = sourcecode.c.objc; path = ViewController.m; sourceTree = "<group>"; };
		76E3333F1AEDF8C40077BACF /* Images.xcassets */ = {isa = PBXFileReference; lastKnownFileType = folder.assetcatalog; path = Images.xcassets; sourceTree = "<group>"; };
		76E333421AEDF8C40077BACF /* Base */ = {isa = PBXFileReference; lastKnownFileType = file.xib; name = Base; path = Base.lproj/LaunchScreen.xib; sourceTree = "<group>"; };
		76E333481AEDF8C40077BACF /* YunGeZiTests.xctest */ = {isa = PBXFileReference; explicitFileType = wrapper.cfbundle; includeInIndex = 0; path = YunGeZiTests.xctest; sourceTree = BUILT_PRODUCTS_DIR; };
		76E3334D1AEDF8C40077BACF /* Info.plist */ = {isa = PBXFileReference; lastKnownFileType = text.plist.xml; path = Info.plist; sourceTree = "<group>"; };
		76E3334E1AEDF8C40077BACF /* YunGeZiTests.m */ = {isa = PBXFileReference; lastKnownFileType = sourcecode.c.objc; path = YunGeZiTests.m; sourceTree = "<group>"; };
		76F426A91AEF271B00A5849A /* MainPageViewController.h */ = {isa = PBXFileReference; fileEncoding = 4; lastKnownFileType = sourcecode.c.h; name = MainPageViewController.h; path = ../MainPageViewController.h; sourceTree = "<group>"; };
		76F426AA1AEF271B00A5849A /* MainPageViewController.m */ = {isa = PBXFileReference; fileEncoding = 4; lastKnownFileType = sourcecode.c.objc; name = MainPageViewController.m; path = ../MainPageViewController.m; sourceTree = "<group>"; };
/* End PBXFileReference section */

/* Begin PBXFrameworksBuildPhase section */
		76E333291AEDF8C40077BACF /* Frameworks */ = {
			isa = PBXFrameworksBuildPhase;
			buildActionMask = 2147483647;
			files = (
				769F994E1B0B788D00161818 /* libz.dylib in Frameworks */,
				769F994B1B0B77FF00161818 /* libMobClickLibrary.a in Frameworks */,
			);
			runOnlyForDeploymentPostprocessing = 0;
		};
		76E333451AEDF8C40077BACF /* Frameworks */ = {
			isa = PBXFrameworksBuildPhase;
			buildActionMask = 2147483647;
			files = (
			);
			runOnlyForDeploymentPostprocessing = 0;
		};
/* End PBXFrameworksBuildPhase section */

/* Begin PBXGroup section */
		769F994C1B0B782300161818 /* Analyze */ = {
			isa = PBXGroup;
			children = (
				769F99491B0B77FF00161818 /* libMobClickLibrary.a */,
				769F994A1B0B77FF00161818 /* MobClick.h */,
			);
			name = Analyze;
			sourceTree = "<group>";
		};
		76A2515A1AFB7CF80017F285 /* WebViewJavascriptBridge */ = {
			isa = PBXGroup;
			children = (
				76A2515B1AFB7CF80017F285 /* WebViewJavascriptBridge.h */,
				76A2515C1AFB7CF80017F285 /* WebViewJavascriptBridge.js.txt */,
				76A2515D1AFB7CF80017F285 /* WebViewJavascriptBridge.m */,
			);
			path = WebViewJavascriptBridge;
			sourceTree = "<group>";
		};
		76E333231AEDF8C30077BACF = {
			isa = PBXGroup;
			children = (
				769F994D1B0B788D00161818 /* libz.dylib */,
				76E3332E1AEDF8C40077BACF /* YunGeZi */,
				76E3334B1AEDF8C40077BACF /* YunGeZiTests */,
				76E3332D1AEDF8C40077BACF /* Products */,
			);
			sourceTree = "<group>";
		};
		76E3332D1AEDF8C40077BACF /* Products */ = {
			isa = PBXGroup;
			children = (
				76E3332C1AEDF8C40077BACF /* YunGeZi.app */,
				76E333481AEDF8C40077BACF /* YunGeZiTests.xctest */,
			);
			name = Products;
			sourceTree = "<group>";
		};
		76E3332E1AEDF8C40077BACF /* YunGeZi */ = {
			isa = PBXGroup;
			children = (
				76B6ACFF1AFA6B4800A987C2 /* Main.storyboard */,
				76E333391AEDF8C40077BACF /* ViewController.h */,
				76E3333A1AEDF8C40077BACF /* ViewController.m */,
				76F426A91AEF271B00A5849A /* MainPageViewController.h */,
				76F426AA1AEF271B00A5849A /* MainPageViewController.m */,
				7651D2BF1AF07434003184A8 /* CategoryViewController.h */,
				7651D2C01AF07434003184A8 /* CategoryViewController.m */,
				7651D2C21AF0771B003184A8 /* SellingViewController.h */,
				7651D2C31AF0771B003184A8 /* SellingViewController.m */,
				7651D2C51AF079BD003184A8 /* AccountViewController.h */,
				7651D2C61AF079BD003184A8 /* AccountViewController.m */,
				76B6AD021AFA6B7200A987C2 /* SearchInMainViewController.h */,
				76B6ACFA1AFA34E800A987C2 /* SearchInMainViewController.m */,
				76B6AD031AFA78C500A987C2 /* SearchInCategoryViewController.h */,
				76B6AD041AFA78C500A987C2 /* SearchInCategoryViewController.m */,
				7603A8271AFC58F6007E4B78 /* OrderViewController.h */,
				7603A8281AFC58F6007E4B78 /* OrderViewController.m */,
				7603A82A1AFC682A007E4B78 /* ShopViewController.h */,
				7603A82B1AFC682A007E4B78 /* ShopViewController.m */,
				76A251601AFB866A0017F285 /* CategoryDetailViewController.h */,
				76A251611AFB866A0017F285 /* CategoryDetailViewController.m */,
				76C3F9B21AFBB0B400821B9B /* ObjectDetailViewInMainController.h */,
				76C3F9B31AFBB0B400821B9B /* ObjectDetailViewInMainController.m */,
				76C3F9B51AFBB83600821B9B /* ObjectDetailInMainSearchViewController.h */,
				76C3F9B61AFBB83600821B9B /* ObjectDetailInMainSearchViewController.m */,
				7603A8241AFBD19C007E4B78 /* ObjectDetailInCategoryViewController.h */,
				7603A8251AFBD19C007E4B78 /* ObjectDetailInCategoryViewController.m */,
				7603A8211AFBD082007E4B78 /* ObjectDetailInCategorySearchViewController.h */,
				7603A8221AFBD082007E4B78 /* ObjectDetailInCategorySearchViewController.m */,
				7603A82D1AFD1F9F007E4B78 /* ObjectDetailInShopViewController.h */,
				7603A82E1AFD1F9F007E4B78 /* ObjectDetailInShopViewController.m */,
				7609A1071AFF58F800B134C9 /* ObjectBuyInMainViewController.h */,
				7609A1081AFF58F800B134C9 /* ObjectBuyInMainViewController.m */,
				7609A10D1AFF768C00B134C9 /* ObjectBuyInMainSearchViewController.h */,
				7609A10E1AFF768C00B134C9 /* ObjectBuyInMainSearchViewController.m */,
				7609A1131AFF7CBA00B134C9 /* ObjectBuyInCategoryViewController.h */,
				7609A1141AFF7CBA00B134C9 /* ObjectBuyInCategoryViewController.m */,
				7609A11C1AFF815A00B134C9 /* ObjectBuyInCategorySearchViewController.h */,
				7609A11D1AFF815A00B134C9 /* ObjectBuyInCategorySearchViewController.m */,
				7609A10A1AFF681D00B134C9 /* ObjectBuyResultInMainViewController.h */,
				7609A10B1AFF681D00B134C9 /* ObjectBuyResultInMainViewController.m */,
				7609A1101AFF76AF00B134C9 /* ObjectBuyResultInMainSearchViewController.h */,
				7609A1111AFF76AF00B134C9 /* ObjectBuyResultInMainSearchViewController.m */,
				7609A1161AFF7CF000B134C9 /* ObjectBuyResultInCategoryViewController.h */,
				7609A1171AFF7CF000B134C9 /* ObjectBuyResultInCategoryViewController.m */,
				7609A1191AFF80F300B134C9 /* ObjectBuyResultInCategorySearchViewController.h */,
				7609A11A1AFF80F300B134C9 /* ObjectBuyResultInCategorySearchViewController.m */,
				769F994F1B0C2A0200161818 /* ChangeNickNameViewController.h */,
				769F99501B0C2A0200161818 /* ChangeNickNameViewController.m */,
				769F99521B0CADED00161818 /* VerificationViewController.h */,
				769F99531B0CADED00161818 /* VerificationViewController.m */,
				76B6ACF31AFA273C00A987C2 /* forgetPasswordViewController.h */,
				76B6ACF41AFA273C00A987C2 /* forgetPasswordViewController.m */,
				76B6ACF61AFA27D200A987C2 /* registerViewController.h */,
				76B6ACF71AFA27D200A987C2 /* registerViewController.m */,
				76B6ACFC1AFA49AC00A987C2 /* MyNavigationController.h */,
				76B6ACFD1AFA49AC00A987C2 /* MyNavigationController.m */,
				76C522F71AF0622E00476769 /* MyTabBarController.h */,
				76C522F81AF0622E00476769 /* MyTabBarController.m */,
				76E3333F1AEDF8C40077BACF /* Images.xcassets */,
				769F994C1B0B782300161818 /* Analyze */,
				76A2515A1AFB7CF80017F285 /* WebViewJavascriptBridge */,
				76E3332F1AEDF8C40077BACF /* Supporting Files */,
			);
			path = YunGeZi;
			sourceTree = "<group>";
		};
		76E3332F1AEDF8C40077BACF /* Supporting Files */ = {
			isa = PBXGroup;
			children = (
				76E333331AEDF8C40077BACF /* AppDelegate.h */,
				76E333341AEDF8C40077BACF /* AppDelegate.m */,
				76E333411AEDF8C40077BACF /* LaunchScreen.xib */,
				76E333361AEDF8C40077BACF /* YunGeZi.xcdatamodeld */,
				76E333301AEDF8C40077BACF /* Info.plist */,
				76E333311AEDF8C40077BACF /* main.m */,
			);
			name = "Supporting Files";
			sourceTree = "<group>";
		};
		76E3334B1AEDF8C40077BACF /* YunGeZiTests */ = {
			isa = PBXGroup;
			children = (
				76E3334E1AEDF8C40077BACF /* YunGeZiTests.m */,
				76E3334C1AEDF8C40077BACF /* Supporting Files */,
			);
			path = YunGeZiTests;
			sourceTree = "<group>";
		};
		76E3334C1AEDF8C40077BACF /* Supporting Files */ = {
			isa = PBXGroup;
			children = (
				76E3334D1AEDF8C40077BACF /* Info.plist */,
			);
			name = "Supporting Files";
			sourceTree = "<group>";
		};
/* End PBXGroup section */

/* Begin PBXNativeTarget section */
		76E3332B1AEDF8C40077BACF /* YunGeZi */ = {
			isa = PBXNativeTarget;
			buildConfigurationList = 76E333521AEDF8C40077BACF /* Build configuration list for PBXNativeTarget "YunGeZi" */;
			buildPhases = (
				76E333281AEDF8C40077BACF /* Sources */,
				76E333291AEDF8C40077BACF /* Frameworks */,
				76E3332A1AEDF8C40077BACF /* Resources */,
			);
			buildRules = (
			);
			dependencies = (
			);
			name = YunGeZi;
			productName = YunGeZi;
			productReference = 76E3332C1AEDF8C40077BACF /* YunGeZi.app */;
			productType = "com.apple.product-type.application";
		};
		76E333471AEDF8C40077BACF /* YunGeZiTests */ = {
			isa = PBXNativeTarget;
			buildConfigurationList = 76E333551AEDF8C40077BACF /* Build configuration list for PBXNativeTarget "YunGeZiTests" */;
			buildPhases = (
				76E333441AEDF8C40077BACF /* Sources */,
				76E333451AEDF8C40077BACF /* Frameworks */,
				76E333461AEDF8C40077BACF /* Resources */,
			);
			buildRules = (
			);
			dependencies = (
				76E3334A1AEDF8C40077BACF /* PBXTargetDependency */,
			);
			name = YunGeZiTests;
			productName = YunGeZiTests;
			productReference = 76E333481AEDF8C40077BACF /* YunGeZiTests.xctest */;
			productType = "com.apple.product-type.bundle.unit-test";
		};
/* End PBXNativeTarget section */

/* Begin PBXProject section */
		76E333241AEDF8C30077BACF /* Project object */ = {
			isa = PBXProject;
			attributes = {
				LastUpgradeCheck = 0630;
				ORGANIZATIONNAME = ZJU;
				TargetAttributes = {
					76E3332B1AEDF8C40077BACF = {
						CreatedOnToolsVersion = 6.3;
					};
					76E333471AEDF8C40077BACF = {
						CreatedOnToolsVersion = 6.3;
						TestTargetID = 76E3332B1AEDF8C40077BACF;
					};
				};
			};
			buildConfigurationList = 76E333271AEDF8C30077BACF /* Build configuration list for PBXProject "YunGeZi" */;
			compatibilityVersion = "Xcode 3.2";
			developmentRegion = English;
			hasScannedForEncodings = 0;
			knownRegions = (
				en,
				Base,
			);
			mainGroup = 76E333231AEDF8C30077BACF;
			productRefGroup = 76E3332D1AEDF8C40077BACF /* Products */;
			projectDirPath = "";
			projectRoot = "";
			targets = (
				76E3332B1AEDF8C40077BACF /* YunGeZi */,
				76E333471AEDF8C40077BACF /* YunGeZiTests */,
			);
		};
/* End PBXProject section */

/* Begin PBXResourcesBuildPhase section */
		76E3332A1AEDF8C40077BACF /* Resources */ = {
			isa = PBXResourcesBuildPhase;
			buildActionMask = 2147483647;
			files = (
				76A2515E1AFB7CF80017F285 /* WebViewJavascriptBridge.js.txt in Resources */,
				76B6AD011AFA6B4800A987C2 /* Main.storyboard in Resources */,
				76E333431AEDF8C40077BACF /* LaunchScreen.xib in Resources */,
				76E333401AEDF8C40077BACF /* Images.xcassets in Resources */,
			);
			runOnlyForDeploymentPostprocessing = 0;
		};
		76E333461AEDF8C40077BACF /* Resources */ = {
			isa = PBXResourcesBuildPhase;
			buildActionMask = 2147483647;
			files = (
			);
			runOnlyForDeploymentPostprocessing = 0;
		};
/* End PBXResourcesBuildPhase section */

/* Begin PBXSourcesBuildPhase section */
		76E333281AEDF8C40077BACF /* Sources */ = {
			isa = PBXSourcesBuildPhase;
			buildActionMask = 2147483647;
			files = (
				76C3F9B41AFBB0B400821B9B /* ObjectDetailViewInMainController.m in Sources */,
				7609A1121AFF76AF00B134C9 /* ObjectBuyResultInMainSearchViewController.m in Sources */,
				76F426AB1AEF271B00A5849A /* MainPageViewController.m in Sources */,
				76B6ACF81AFA27D200A987C2 /* registerViewController.m in Sources */,
				769F99511B0C2A0200161818 /* ChangeNickNameViewController.m in Sources */,
				7603A8261AFBD19C007E4B78 /* ObjectDetailInCategoryViewController.m in Sources */,
				7609A1151AFF7CBA00B134C9 /* ObjectBuyInCategoryViewController.m in Sources */,
				7609A10F1AFF768C00B134C9 /* ObjectBuyInMainSearchViewController.m in Sources */,
				7603A8291AFC58F6007E4B78 /* OrderViewController.m in Sources */,
				76B6AD051AFA78C500A987C2 /* SearchInCategoryViewController.m in Sources */,
				76B6ACFE1AFA49AC00A987C2 /* MyNavigationController.m in Sources */,
				76A2515F1AFB7CF80017F285 /* WebViewJavascriptBridge.m in Sources */,
				76E333351AEDF8C40077BACF /* AppDelegate.m in Sources */,
				7603A82F1AFD1F9F007E4B78 /* ObjectDetailInShopViewController.m in Sources */,
				7609A10C1AFF681D00B134C9 /* ObjectBuyResultInMainViewController.m in Sources */,
				76E333381AEDF8C40077BACF /* YunGeZi.xcdatamodeld in Sources */,
				7603A8231AFBD082007E4B78 /* ObjectDetailInCategorySearchViewController.m in Sources */,
				7609A1091AFF58F800B134C9 /* ObjectBuyInMainViewController.m in Sources */,
				769F99541B0CADED00161818 /* VerificationViewController.m in Sources */,
				76E3333B1AEDF8C40077BACF /* ViewController.m in Sources */,
				76B6ACF51AFA273C00A987C2 /* forgetPasswordViewController.m in Sources */,
				76A251621AFB866A0017F285 /* CategoryDetailViewController.m in Sources */,
				7609A11B1AFF80F300B134C9 /* ObjectBuyResultInCategorySearchViewController.m in Sources */,
				7603A82C1AFC682A007E4B78 /* ShopViewController.m in Sources */,
				7651D2C71AF079BD003184A8 /* AccountViewController.m in Sources */,
				7651D2C11AF07434003184A8 /* CategoryViewController.m in Sources */,
				76B6ACFB1AFA34E800A987C2 /* SearchInMainViewController.m in Sources */,
				76E333321AEDF8C40077BACF /* main.m in Sources */,
				7609A1181AFF7CF000B134C9 /* ObjectBuyResultInCategoryViewController.m in Sources */,
				7651D2C41AF0771B003184A8 /* SellingViewController.m in Sources */,
				76C3F9B71AFBB83600821B9B /* ObjectDetailInMainSearchViewController.m in Sources */,
				76C522F91AF0622E00476769 /* MyTabBarController.m in Sources */,
				7609A11E1AFF815A00B134C9 /* ObjectBuyInCategorySearchViewController.m in Sources */,
			);
			runOnlyForDeploymentPostprocessing = 0;
		};
		76E333441AEDF8C40077BACF /* Sources */ = {
			isa = PBXSourcesBuildPhase;
			buildActionMask = 2147483647;
			files = (
				76E3334F1AEDF8C40077BACF /* YunGeZiTests.m in Sources */,
			);
			runOnlyForDeploymentPostprocessing = 0;
		};
/* End PBXSourcesBuildPhase section */

/* Begin PBXTargetDependency section */
		76E3334A1AEDF8C40077BACF /* PBXTargetDependency */ = {
			isa = PBXTargetDependency;
			target = 76E3332B1AEDF8C40077BACF /* YunGeZi */;
			targetProxy = 76E333491AEDF8C40077BACF /* PBXContainerItemProxy */;
		};
/* End PBXTargetDependency section */

/* Begin PBXVariantGroup section */
		76B6ACFF1AFA6B4800A987C2 /* Main.storyboard */ = {
			isa = PBXVariantGroup;
			children = (
				76B6AD001AFA6B4800A987C2 /* Base */,
			);
			name = Main.storyboard;
			sourceTree = "<group>";
		};
		76E333411AEDF8C40077BACF /* LaunchScreen.xib */ = {
			isa = PBXVariantGroup;
			children = (
				76E333421AEDF8C40077BACF /* Base */,
			);
			name = LaunchScreen.xib;
			sourceTree = "<group>";
		};
/* End PBXVariantGroup section */

/* Begin XCBuildConfiguration section */
		76E333501AEDF8C40077BACF /* Debug */ = {
			isa = XCBuildConfiguration;
			buildSettings = {
				ALWAYS_SEARCH_USER_PATHS = NO;
				CLANG_CXX_LANGUAGE_STANDARD = "gnu++0x";
				CLANG_CXX_LIBRARY = "libc++";
				CLANG_ENABLE_MODULES = YES;
				CLANG_ENABLE_OBJC_ARC = YES;
				CLANG_WARN_BOOL_CONVERSION = YES;
				CLANG_WARN_CONSTANT_CONVERSION = YES;
				CLANG_WARN_DIRECT_OBJC_ISA_USAGE = YES_ERROR;
				CLANG_WARN_EMPTY_BODY = YES;
				CLANG_WARN_ENUM_CONVERSION = YES;
				CLANG_WARN_INT_CONVERSION = YES;
				CLANG_WARN_OBJC_ROOT_CLASS = YES_ERROR;
				CLANG_WARN_UNREACHABLE_CODE = YES;
				CLANG_WARN__DUPLICATE_METHOD_MATCH = YES;
				"CODE_SIGN_IDENTITY[sdk=iphoneos*]" = "iPhone Developer";
				COPY_PHASE_STRIP = NO;
				DEBUG_INFORMATION_FORMAT = "dwarf-with-dsym";
				ENABLE_STRICT_OBJC_MSGSEND = YES;
				GCC_C_LANGUAGE_STANDARD = gnu99;
				GCC_DYNAMIC_NO_PIC = NO;
				GCC_NO_COMMON_BLOCKS = YES;
				GCC_OPTIMIZATION_LEVEL = 0;
				GCC_PREPROCESSOR_DEFINITIONS = (
					"DEBUG=1",
					"$(inherited)",
				);
				GCC_SYMBOLS_PRIVATE_EXTERN = NO;
				GCC_WARN_64_TO_32_BIT_CONVERSION = YES;
				GCC_WARN_ABOUT_RETURN_TYPE = YES_ERROR;
				GCC_WARN_UNDECLARED_SELECTOR = YES;
				GCC_WARN_UNINITIALIZED_AUTOS = YES_AGGRESSIVE;
				GCC_WARN_UNUSED_FUNCTION = YES;
				GCC_WARN_UNUSED_VARIABLE = YES;
				IPHONEOS_DEPLOYMENT_TARGET = 8.3;
				MTL_ENABLE_DEBUG_INFO = YES;
				ONLY_ACTIVE_ARCH = YES;
				SDKROOT = iphoneos;
			};
			name = Debug;
		};
		76E333511AEDF8C40077BACF /* Release */ = {
			isa = XCBuildConfiguration;
			buildSettings = {
				ALWAYS_SEARCH_USER_PATHS = NO;
				CLANG_CXX_LANGUAGE_STANDARD = "gnu++0x";
				CLANG_CXX_LIBRARY = "libc++";
				CLANG_ENABLE_MODULES = YES;
				CLANG_ENABLE_OBJC_ARC = YES;
				CLANG_WARN_BOOL_CONVERSION = YES;
				CLANG_WARN_CONSTANT_CONVERSION = YES;
				CLANG_WARN_DIRECT_OBJC_ISA_USAGE = YES_ERROR;
				CLANG_WARN_EMPTY_BODY = YES;
				CLANG_WARN_ENUM_CONVERSION = YES;
				CLANG_WARN_INT_CONVERSION = YES;
				CLANG_WARN_OBJC_ROOT_CLASS = YES_ERROR;
				CLANG_WARN_UNREACHABLE_CODE = YES;
				CLANG_WARN__DUPLICATE_METHOD_MATCH = YES;
				"CODE_SIGN_IDENTITY[sdk=iphoneos*]" = "iPhone Developer";
				COPY_PHASE_STRIP = NO;
				DEBUG_INFORMATION_FORMAT = "dwarf-with-dsym";
				ENABLE_NS_ASSERTIONS = NO;
				ENABLE_STRICT_OBJC_MSGSEND = YES;
				GCC_C_LANGUAGE_STANDARD = gnu99;
				GCC_NO_COMMON_BLOCKS = YES;
				GCC_WARN_64_TO_32_BIT_CONVERSION = YES;
				GCC_WARN_ABOUT_RETURN_TYPE = YES_ERROR;
				GCC_WARN_UNDECLARED_SELECTOR = YES;
				GCC_WARN_UNINITIALIZED_AUTOS = YES_AGGRESSIVE;
				GCC_WARN_UNUSED_FUNCTION = YES;
				GCC_WARN_UNUSED_VARIABLE = YES;
				IPHONEOS_DEPLOYMENT_TARGET = 8.3;
				MTL_ENABLE_DEBUG_INFO = NO;
				SDKROOT = iphoneos;
				VALIDATE_PRODUCT = YES;
			};
			name = Release;
		};
		76E333531AEDF8C40077BACF /* Debug */ = {
			isa = XCBuildConfiguration;
			buildSettings = {
				ASSETCATALOG_COMPILER_APPICON_NAME = AppIcon;
				INFOPLIST_FILE = YunGeZi/Info.plist;
				IPHONEOS_DEPLOYMENT_TARGET = 8.3;
				LD_RUNPATH_SEARCH_PATHS = "$(inherited) @executable_path/Frameworks";
				LIBRARY_SEARCH_PATHS = (
					"$(inherited)",
					"$(PROJECT_DIR)",
				);
				PRODUCT_NAME = "$(TARGET_NAME)";
				TARGETED_DEVICE_FAMILY = 1;
			};
			name = Debug;
		};
		76E333541AEDF8C40077BACF /* Release */ = {
			isa = XCBuildConfiguration;
			buildSettings = {
				ASSETCATALOG_COMPILER_APPICON_NAME = AppIcon;
				INFOPLIST_FILE = YunGeZi/Info.plist;
				IPHONEOS_DEPLOYMENT_TARGET = 8.3;
				LD_RUNPATH_SEARCH_PATHS = "$(inherited) @executable_path/Frameworks";
				LIBRARY_SEARCH_PATHS = (
					"$(inherited)",
					"$(PROJECT_DIR)",
				);
				PRODUCT_NAME = "$(TARGET_NAME)";
				TARGETED_DEVICE_FAMILY = 1;
			};
			name = Release;
		};
		76E333561AEDF8C40077BACF /* Debug */ = {
			isa = XCBuildConfiguration;
			buildSettings = {
				BUNDLE_LOADER = "$(TEST_HOST)";
				FRAMEWORK_SEARCH_PATHS = (
					"$(SDKROOT)/Developer/Library/Frameworks",
					"$(inherited)",
				);
				GCC_PREPROCESSOR_DEFINITIONS = (
					"DEBUG=1",
					"$(inherited)",
				);
				INFOPLIST_FILE = YunGeZiTests/Info.plist;
				LD_RUNPATH_SEARCH_PATHS = "$(inherited) @executable_path/Frameworks @loader_path/Frameworks";
				PRODUCT_NAME = "$(TARGET_NAME)";
				TEST_HOST = "$(BUILT_PRODUCTS_DIR)/YunGeZi.app/YunGeZi";
			};
			name = Debug;
		};
		76E333571AEDF8C40077BACF /* Release */ = {
			isa = XCBuildConfiguration;
			buildSettings = {
				BUNDLE_LOADER = "$(TEST_HOST)";
				FRAMEWORK_SEARCH_PATHS = (
					"$(SDKROOT)/Developer/Library/Frameworks",
					"$(inherited)",
				);
				INFOPLIST_FILE = YunGeZiTests/Info.plist;
				LD_RUNPATH_SEARCH_PATHS = "$(inherited) @executable_path/Frameworks @loader_path/Frameworks";
				PRODUCT_NAME = "$(TARGET_NAME)";
				TEST_HOST = "$(BUILT_PRODUCTS_DIR)/YunGeZi.app/YunGeZi";
			};
			name = Release;
		};
/* End XCBuildConfiguration section */

/* Begin XCConfigurationList section */
		76E333271AEDF8C30077BACF /* Build configuration list for PBXProject "YunGeZi" */ = {
			isa = XCConfigurationList;
			buildConfigurations = (
				76E333501AEDF8C40077BACF /* Debug */,
				76E333511AEDF8C40077BACF /* Release */,
			);
			defaultConfigurationIsVisible = 0;
			defaultConfigurationName = Release;
		};
		76E333521AEDF8C40077BACF /* Build configuration list for PBXNativeTarget "YunGeZi" */ = {
			isa = XCConfigurationList;
			buildConfigurations = (
				76E333531AEDF8C40077BACF /* Debug */,
				76E333541AEDF8C40077BACF /* Release */,
			);
			defaultConfigurationIsVisible = 0;
			defaultConfigurationName = Release;
		};
		76E333551AEDF8C40077BACF /* Build configuration list for PBXNativeTarget "YunGeZiTests" */ = {
			isa = XCConfigurationList;
			buildConfigurations = (
				76E333561AEDF8C40077BACF /* Debug */,
				76E333571AEDF8C40077BACF /* Release */,
			);
			defaultConfigurationIsVisible = 0;
			defaultConfigurationName = Release;
		};
/* End XCConfigurationList section */

/* Begin XCVersionGroup section */
		76E333361AEDF8C40077BACF /* YunGeZi.xcdatamodeld */ = {
			isa = XCVersionGroup;
			children = (
				76E333371AEDF8C40077BACF /* YunGeZi.xcdatamodel */,
			);
			currentVersion = 76E333371AEDF8C40077BACF /* YunGeZi.xcdatamodel */;
			path = YunGeZi.xcdatamodeld;
			sourceTree = "<group>";
			versionGroupType = wrapper.xcdatamodel;
		};
/* End XCVersionGroup section */
	};
	rootObject = 76E333241AEDF8C30077BACF /* Project object */;
}
