// !$*UTF8*$!
{
	archiveVersion = 1;
	classes = {
	};
	objectVersion = 46;
	objects = {

/* Begin PBXBuildFile section */
		47110B271B77A181001C9B5A /* RootViewController.m in Sources */ = {isa = PBXBuildFile; fileRef = 47110B261B77A181001C9B5A /* RootViewController.m */; };
		47110B2A1B77A2DD001C9B5A /* LeftMenuViewController.m in Sources */ = {isa = PBXBuildFile; fileRef = 47110B291B77A2DD001C9B5A /* LeftMenuViewController.m */; };
		474C5EFE1B732E7F00CDE2AF /* WaterfallCellView.m in Sources */ = {isa = PBXBuildFile; fileRef = 474C5EFC1B732E7F00CDE2AF /* WaterfallCellView.m */; };
		474C5F021B73553300CDE2AF /* WaterfallCellModel.m in Sources */ = {isa = PBXBuildFile; fileRef = 474C5F011B73553300CDE2AF /* WaterfallCellModel.m */; };
		475691C91B8304FC00D7F78E /* LoginInfo.m in Sources */ = {isa = PBXBuildFile; fileRef = 475691C81B8304FC00D7F78E /* LoginInfo.m */; };
		478574511B7F55F900D99685 /* ChooseSchoolTableViewCell.m in Sources */ = {isa = PBXBuildFile; fileRef = 478574501B7F55F900D99685 /* ChooseSchoolTableViewCell.m */; };
		47F4BBB81B7B17B400FA8524 /* LeftMenuTreeViewModel.m in Sources */ = {isa = PBXBuildFile; fileRef = 47F4BBB71B7B17B400FA8524 /* LeftMenuTreeViewModel.m */; };
		47F4BBBC1B7B47F300FA8524 /* SettingTableViewController.m in Sources */ = {isa = PBXBuildFile; fileRef = 47F4BBBB1B7B47F300FA8524 /* SettingTableViewController.m */; };
		47F4BBBF1B7B485200FA8524 /* UserSettings.m in Sources */ = {isa = PBXBuildFile; fileRef = 47F4BBBE1B7B485200FA8524 /* UserSettings.m */; };
		7603A8291AFC58F6007E4B78 /* OrderViewController.m in Sources */ = {isa = PBXBuildFile; fileRef = 7603A8281AFC58F6007E4B78 /* OrderViewController.m */; };
		7603A82C1AFC682A007E4B78 /* ShopViewController.m in Sources */ = {isa = PBXBuildFile; fileRef = 7603A82B1AFC682A007E4B78 /* ShopViewController.m */; };
		7606DCB81B8CB5A100F489BA /* MyButton.m in Sources */ = {isa = PBXBuildFile; fileRef = 7606DCB71B8CB5A100F489BA /* MyButton.m */; };
		7606DCC11B8FA6A900F489BA /* MainPageViewController.m in Sources */ = {isa = PBXBuildFile; fileRef = 7606DCC01B8FA6A900F489BA /* MainPageViewController.m */; };
		7606DCC41B8FA6C700F489BA /* libMobClickLibrary.a in Frameworks */ = {isa = PBXBuildFile; fileRef = 7606DCC21B8FA6C700F489BA /* libMobClickLibrary.a */; };
		7609A1091AFF58F800B134C9 /* ObjectBuyingViewController.m in Sources */ = {isa = PBXBuildFile; fileRef = 7609A1081AFF58F800B134C9 /* ObjectBuyingViewController.m */; };
		7609A10C1AFF681D00B134C9 /* ObjectBuyingResultViewController.m in Sources */ = {isa = PBXBuildFile; fileRef = 7609A10B1AFF681D00B134C9 /* ObjectBuyingResultViewController.m */; };
		7613EB671B7755EC00C4FB9A /* WaterfallCellView.xib in Resources */ = {isa = PBXBuildFile; fileRef = 7613EB661B7755EC00C4FB9A /* WaterfallCellView.xib */; };
		7613EB6A1B777D0700C4FB9A /* ChooseSchoolTableViewController.m in Sources */ = {isa = PBXBuildFile; fileRef = 7613EB691B777D0700C4FB9A /* ChooseSchoolTableViewController.m */; };
		761F4E971B763795009E527A /* boxbuy.plist in Resources */ = {isa = PBXBuildFile; fileRef = 761F4E961B763795009E527A /* boxbuy.plist */; };
		76418B741B1CC803007CE044 /* ActionSheetPickerCustomPickerDelegate.m in Sources */ = {isa = PBXBuildFile; fileRef = 76418B731B1CC803007CE044 /* ActionSheetPickerCustomPickerDelegate.m */; };
		7651D2C11AF07434003184A8 /* SearchViewController.m in Sources */ = {isa = PBXBuildFile; fileRef = 7651D2C01AF07434003184A8 /* SearchViewController.m */; };
		7651D2C41AF0771B003184A8 /* SellingViewController.m in Sources */ = {isa = PBXBuildFile; fileRef = 7651D2C31AF0771B003184A8 /* SellingViewController.m */; };
		7651D2C71AF079BD003184A8 /* AccountViewController.m in Sources */ = {isa = PBXBuildFile; fileRef = 7651D2C61AF079BD003184A8 /* AccountViewController.m */; };
		769F994E1B0B788D00161818 /* libz.dylib in Frameworks */ = {isa = PBXBuildFile; fileRef = 769F994D1B0B788D00161818 /* libz.dylib */; };
		769F99511B0C2A0200161818 /* ChangeNickNameViewController.m in Sources */ = {isa = PBXBuildFile; fileRef = 769F99501B0C2A0200161818 /* ChangeNickNameViewController.m */; };
		769F99541B0CADED00161818 /* VerificationViewController.m in Sources */ = {isa = PBXBuildFile; fileRef = 769F99531B0CADED00161818 /* VerificationViewController.m */; };
		76A2515E1AFB7CF80017F285 /* WebViewJavascriptBridge.js.txt in Resources */ = {isa = PBXBuildFile; fileRef = 76A2515C1AFB7CF80017F285 /* WebViewJavascriptBridge.js.txt */; };
		76A2515F1AFB7CF80017F285 /* WebViewJavascriptBridge.m in Sources */ = {isa = PBXBuildFile; fileRef = 76A2515D1AFB7CF80017F285 /* WebViewJavascriptBridge.m */; };
		76A251621AFB866A0017F285 /* CategoryDetailViewController.m in Sources */ = {isa = PBXBuildFile; fileRef = 76A251611AFB866A0017F285 /* CategoryDetailViewController.m */; };
		76B6ACF51AFA273C00A987C2 /* ChangePasswordViewController.m in Sources */ = {isa = PBXBuildFile; fileRef = 76B6ACF41AFA273C00A987C2 /* ChangePasswordViewController.m */; };
		76B6ACF81AFA27D200A987C2 /* RegisterViewController.m in Sources */ = {isa = PBXBuildFile; fileRef = 76B6ACF71AFA27D200A987C2 /* RegisterViewController.m */; };
		76B6ACFE1AFA49AC00A987C2 /* MyNavigationController.m in Sources */ = {isa = PBXBuildFile; fileRef = 76B6ACFD1AFA49AC00A987C2 /* MyNavigationController.m */; };
		76B6AD011AFA6B4800A987C2 /* Main.storyboard in Resources */ = {isa = PBXBuildFile; fileRef = 76B6ACFF1AFA6B4800A987C2 /* Main.storyboard */; };
		76B6AD051AFA78C500A987C2 /* SearchResultViewController.m in Sources */ = {isa = PBXBuildFile; fileRef = 76B6AD041AFA78C500A987C2 /* SearchResultViewController.m */; };
		76C3F9B41AFBB0B400821B9B /* ObjectDetailViewController.m in Sources */ = {isa = PBXBuildFile; fileRef = 76C3F9B31AFBB0B400821B9B /* ObjectDetailViewController.m */; };
		76CAA2C51B90473400D3743A /* VerificationWithCaptchaViewController.m in Sources */ = {isa = PBXBuildFile; fileRef = 76CAA2C41B90473400D3743A /* VerificationWithCaptchaViewController.m */; };
		76DB96441B9217FD004FEDFD /* AvatarViewController.m in Sources */ = {isa = PBXBuildFile; fileRef = 76DB96431B9217FD004FEDFD /* AvatarViewController.m */; };
		76DB96471B9232F6004FEDFD /* AccountTableViewCell.m in Sources */ = {isa = PBXBuildFile; fileRef = 76DB96461B9232F6004FEDFD /* AccountTableViewCell.m */; };
		76DB964B1B924617004FEDFD /* AccountDetailViewController.m in Sources */ = {isa = PBXBuildFile; fileRef = 76DB964A1B924617004FEDFD /* AccountDetailViewController.m */; };
		76DB964E1B92B64D004FEDFD /* ChangeIntroViewController.m in Sources */ = {isa = PBXBuildFile; fileRef = 76DB964D1B92B64D004FEDFD /* ChangeIntroViewController.m */; };
		76DB96511B92DE6B004FEDFD /* RecycleViewController.m in Sources */ = {isa = PBXBuildFile; fileRef = 76DB96501B92DE6B004FEDFD /* RecycleViewController.m */; };
		76E333321AEDF8C40077BACF /* main.m in Sources */ = {isa = PBXBuildFile; fileRef = 76E333311AEDF8C40077BACF /* main.m */; };
		76E333351AEDF8C40077BACF /* AppDelegate.m in Sources */ = {isa = PBXBuildFile; fileRef = 76E333341AEDF8C40077BACF /* AppDelegate.m */; };
		76E333381AEDF8C40077BACF /* YunGeZi.xcdatamodeld in Sources */ = {isa = PBXBuildFile; fileRef = 76E333361AEDF8C40077BACF /* YunGeZi.xcdatamodeld */; };
		76E3333B1AEDF8C40077BACF /* ViewController.m in Sources */ = {isa = PBXBuildFile; fileRef = 76E3333A1AEDF8C40077BACF /* ViewController.m */; };
		76E333401AEDF8C40077BACF /* Images.xcassets in Resources */ = {isa = PBXBuildFile; fileRef = 76E3333F1AEDF8C40077BACF /* Images.xcassets */; };
		76E333431AEDF8C40077BACF /* LaunchScreen.xib in Resources */ = {isa = PBXBuildFile; fileRef = 76E333411AEDF8C40077BACF /* LaunchScreen.xib */; };
		76E3334F1AEDF8C40077BACF /* YunGeZiTests.m in Sources */ = {isa = PBXBuildFile; fileRef = 76E3334E1AEDF8C40077BACF /* YunGeZiTests.m */; };
		A21B52BE0A0E682927476A0F /* libPods-YunGeZi.a in Frameworks */ = {isa = PBXBuildFile; fileRef = 1EA2DE70414C548FF7FA4241 /* libPods-YunGeZi.a */; };
/* End PBXBuildFile section */

/* Begin PBXContainerItemProxy section */
		76E333491AEDF8C40077BACF /* PBXContainerItemProxy */ = {
			isa = PBXContainerItemProxy;
			containerPortal = 76E333241AEDF8C30077BACF /* Project object */;
			proxyType = 1;
			remoteGlobalIDString = 76E3332B1AEDF8C40077BACF;
			remoteInfo = YunGeZi;
		};
/* End PBXContainerItemProxy section */

/* Begin PBXFileReference section */
		1EA2DE70414C548FF7FA4241 /* libPods-YunGeZi.a */ = {isa = PBXFileReference; explicitFileType = archive.ar; includeInIndex = 0; path = "libPods-YunGeZi.a"; sourceTree = BUILT_PRODUCTS_DIR; };
		47110B251B77A181001C9B5A /* RootViewController.h */ = {isa = PBXFileReference; fileEncoding = 4; lastKnownFileType = sourcecode.c.h; path = RootViewController.h; sourceTree = "<group>"; };
		47110B261B77A181001C9B5A /* RootViewController.m */ = {isa = PBXFileReference; fileEncoding = 4; lastKnownFileType = sourcecode.c.objc; path = RootViewController.m; sourceTree = "<group>"; };
		47110B281B77A2DD001C9B5A /* LeftMenuViewController.h */ = {isa = PBXFileReference; fileEncoding = 4; lastKnownFileType = sourcecode.c.h; path = LeftMenuViewController.h; sourceTree = "<group>"; };
		47110B291B77A2DD001C9B5A /* LeftMenuViewController.m */ = {isa = PBXFileReference; fileEncoding = 4; lastKnownFileType = sourcecode.c.objc; path = LeftMenuViewController.m; sourceTree = "<group>"; };
		474C5EFB1B732E7F00CDE2AF /* WaterfallCellView.h */ = {isa = PBXFileReference; fileEncoding = 4; lastKnownFileType = sourcecode.c.h; path = WaterfallCellView.h; sourceTree = "<group>"; };
		474C5EFC1B732E7F00CDE2AF /* WaterfallCellView.m */ = {isa = PBXFileReference; fileEncoding = 4; lastKnownFileType = sourcecode.c.objc; path = WaterfallCellView.m; sourceTree = "<group>"; };
		474C5F001B73553300CDE2AF /* WaterfallCellModel.h */ = {isa = PBXFileReference; fileEncoding = 4; lastKnownFileType = sourcecode.c.h; path = WaterfallCellModel.h; sourceTree = "<group>"; };
		474C5F011B73553300CDE2AF /* WaterfallCellModel.m */ = {isa = PBXFileReference; fileEncoding = 4; lastKnownFileType = sourcecode.c.objc; path = WaterfallCellModel.m; sourceTree = "<group>"; };
		475691C71B8304FC00D7F78E /* LoginInfo.h */ = {isa = PBXFileReference; fileEncoding = 4; lastKnownFileType = sourcecode.c.h; path = LoginInfo.h; sourceTree = "<group>"; };
		475691C81B8304FC00D7F78E /* LoginInfo.m */ = {isa = PBXFileReference; fileEncoding = 4; lastKnownFileType = sourcecode.c.objc; path = LoginInfo.m; sourceTree = "<group>"; };
		4785744F1B7F55F900D99685 /* ChooseSchoolTableViewCell.h */ = {isa = PBXFileReference; fileEncoding = 4; lastKnownFileType = sourcecode.c.h; path = ChooseSchoolTableViewCell.h; sourceTree = "<group>"; };
		478574501B7F55F900D99685 /* ChooseSchoolTableViewCell.m */ = {isa = PBXFileReference; fileEncoding = 4; lastKnownFileType = sourcecode.c.objc; path = ChooseSchoolTableViewCell.m; sourceTree = "<group>"; };
		47F4BBB61B7B17B400FA8524 /* LeftMenuTreeViewModel.h */ = {isa = PBXFileReference; fileEncoding = 4; lastKnownFileType = sourcecode.c.h; path = LeftMenuTreeViewModel.h; sourceTree = "<group>"; };
		47F4BBB71B7B17B400FA8524 /* LeftMenuTreeViewModel.m */ = {isa = PBXFileReference; fileEncoding = 4; lastKnownFileType = sourcecode.c.objc; path = LeftMenuTreeViewModel.m; sourceTree = "<group>"; };
		47F4BBBA1B7B47F300FA8524 /* SettingTableViewController.h */ = {isa = PBXFileReference; fileEncoding = 4; lastKnownFileType = sourcecode.c.h; path = SettingTableViewController.h; sourceTree = "<group>"; };
		47F4BBBB1B7B47F300FA8524 /* SettingTableViewController.m */ = {isa = PBXFileReference; fileEncoding = 4; lastKnownFileType = sourcecode.c.objc; path = SettingTableViewController.m; sourceTree = "<group>"; };
		47F4BBBD1B7B485200FA8524 /* UserSettings.h */ = {isa = PBXFileReference; fileEncoding = 4; lastKnownFileType = sourcecode.c.h; path = UserSettings.h; sourceTree = "<group>"; };
		47F4BBBE1B7B485200FA8524 /* UserSettings.m */ = {isa = PBXFileReference; fileEncoding = 4; lastKnownFileType = sourcecode.c.objc; path = UserSettings.m; sourceTree = "<group>"; };
		7603A8271AFC58F6007E4B78 /* OrderViewController.h */ = {isa = PBXFileReference; fileEncoding = 4; lastKnownFileType = sourcecode.c.h; path = OrderViewController.h; sourceTree = "<group>"; };
		7603A8281AFC58F6007E4B78 /* OrderViewController.m */ = {isa = PBXFileReference; fileEncoding = 4; lastKnownFileType = sourcecode.c.objc; path = OrderViewController.m; sourceTree = "<group>"; };
		7603A82A1AFC682A007E4B78 /* ShopViewController.h */ = {isa = PBXFileReference; fileEncoding = 4; lastKnownFileType = sourcecode.c.h; path = ShopViewController.h; sourceTree = "<group>"; };
		7603A82B1AFC682A007E4B78 /* ShopViewController.m */ = {isa = PBXFileReference; fileEncoding = 4; lastKnownFileType = sourcecode.c.objc; path = ShopViewController.m; sourceTree = "<group>"; };
		7606DCB61B8CB5A100F489BA /* MyButton.h */ = {isa = PBXFileReference; fileEncoding = 4; lastKnownFileType = sourcecode.c.h; path = MyButton.h; sourceTree = "<group>"; };
		7606DCB71B8CB5A100F489BA /* MyButton.m */ = {isa = PBXFileReference; fileEncoding = 4; lastKnownFileType = sourcecode.c.objc; path = MyButton.m; sourceTree = "<group>"; };
		7606DCBF1B8FA6A900F489BA /* MainPageViewController.h */ = {isa = PBXFileReference; fileEncoding = 4; lastKnownFileType = sourcecode.c.h; path = MainPageViewController.h; sourceTree = "<group>"; };
		7606DCC01B8FA6A900F489BA /* MainPageViewController.m */ = {isa = PBXFileReference; fileEncoding = 4; lastKnownFileType = sourcecode.c.objc; path = MainPageViewController.m; sourceTree = "<group>"; };
		7606DCC21B8FA6C700F489BA /* libMobClickLibrary.a */ = {isa = PBXFileReference; lastKnownFileType = archive.ar; path = libMobClickLibrary.a; sourceTree = "<group>"; };
		7606DCC31B8FA6C700F489BA /* MobClick.h */ = {isa = PBXFileReference; fileEncoding = 4; lastKnownFileType = sourcecode.c.h; path = MobClick.h; sourceTree = "<group>"; };
		7609A1071AFF58F800B134C9 /* ObjectBuyingViewController.h */ = {isa = PBXFileReference; fileEncoding = 4; lastKnownFileType = sourcecode.c.h; path = ObjectBuyingViewController.h; sourceTree = "<group>"; };
		7609A1081AFF58F800B134C9 /* ObjectBuyingViewController.m */ = {isa = PBXFileReference; fileEncoding = 4; lastKnownFileType = sourcecode.c.objc; path = ObjectBuyingViewController.m; sourceTree = "<group>"; };
		7609A10A1AFF681D00B134C9 /* ObjectBuyingResultViewController.h */ = {isa = PBXFileReference; fileEncoding = 4; lastKnownFileType = sourcecode.c.h; path = ObjectBuyingResultViewController.h; sourceTree = "<group>"; };
		7609A10B1AFF681D00B134C9 /* ObjectBuyingResultViewController.m */ = {isa = PBXFileReference; fileEncoding = 4; lastKnownFileType = sourcecode.c.objc; path = ObjectBuyingResultViewController.m; sourceTree = "<group>"; };
		7613EB661B7755EC00C4FB9A /* WaterfallCellView.xib */ = {isa = PBXFileReference; fileEncoding = 4; lastKnownFileType = file.xib; path = WaterfallCellView.xib; sourceTree = "<group>"; };
		7613EB681B777D0700C4FB9A /* ChooseSchoolTableViewController.h */ = {isa = PBXFileReference; fileEncoding = 4; lastKnownFileType = sourcecode.c.h; path = ChooseSchoolTableViewController.h; sourceTree = "<group>"; };
		7613EB691B777D0700C4FB9A /* ChooseSchoolTableViewController.m */ = {isa = PBXFileReference; fileEncoding = 4; lastKnownFileType = sourcecode.c.objc; path = ChooseSchoolTableViewController.m; sourceTree = "<group>"; };
		761F4E961B763795009E527A /* boxbuy.plist */ = {isa = PBXFileReference; fileEncoding = 4; lastKnownFileType = text.plist.xml; path = boxbuy.plist; sourceTree = "<group>"; };
		76418B721B1CC803007CE044 /* ActionSheetPickerCustomPickerDelegate.h */ = {isa = PBXFileReference; fileEncoding = 4; lastKnownFileType = sourcecode.c.h; path = ActionSheetPickerCustomPickerDelegate.h; sourceTree = "<group>"; };
		76418B731B1CC803007CE044 /* ActionSheetPickerCustomPickerDelegate.m */ = {isa = PBXFileReference; fileEncoding = 4; lastKnownFileType = sourcecode.c.objc; path = ActionSheetPickerCustomPickerDelegate.m; sourceTree = "<group>"; };
		7651D2BF1AF07434003184A8 /* SearchViewController.h */ = {isa = PBXFileReference; fileEncoding = 4; lastKnownFileType = sourcecode.c.h; path = SearchViewController.h; sourceTree = "<group>"; };
		7651D2C01AF07434003184A8 /* SearchViewController.m */ = {isa = PBXFileReference; fileEncoding = 4; lastKnownFileType = sourcecode.c.objc; path = SearchViewController.m; sourceTree = "<group>"; };
		7651D2C21AF0771B003184A8 /* SellingViewController.h */ = {isa = PBXFileReference; fileEncoding = 4; lastKnownFileType = sourcecode.c.h; path = SellingViewController.h; sourceTree = "<group>"; };
		7651D2C31AF0771B003184A8 /* SellingViewController.m */ = {isa = PBXFileReference; fileEncoding = 4; lastKnownFileType = sourcecode.c.objc; path = SellingViewController.m; sourceTree = "<group>"; };
		7651D2C51AF079BD003184A8 /* AccountViewController.h */ = {isa = PBXFileReference; fileEncoding = 4; lastKnownFileType = sourcecode.c.h; path = AccountViewController.h; sourceTree = "<group>"; };
		7651D2C61AF079BD003184A8 /* AccountViewController.m */ = {isa = PBXFileReference; fileEncoding = 4; lastKnownFileType = sourcecode.c.objc; path = AccountViewController.m; sourceTree = "<group>"; };
		769F994D1B0B788D00161818 /* libz.dylib */ = {isa = PBXFileReference; lastKnownFileType = "compiled.mach-o.dylib"; name = libz.dylib; path = usr/lib/libz.dylib; sourceTree = SDKROOT; };
		769F994F1B0C2A0200161818 /* ChangeNickNameViewController.h */ = {isa = PBXFileReference; fileEncoding = 4; lastKnownFileType = sourcecode.c.h; path = ChangeNickNameViewController.h; sourceTree = "<group>"; };
		769F99501B0C2A0200161818 /* ChangeNickNameViewController.m */ = {isa = PBXFileReference; fileEncoding = 4; lastKnownFileType = sourcecode.c.objc; path = ChangeNickNameViewController.m; sourceTree = "<group>"; };
		769F99521B0CADED00161818 /* VerificationViewController.h */ = {isa = PBXFileReference; fileEncoding = 4; lastKnownFileType = sourcecode.c.h; path = VerificationViewController.h; sourceTree = "<group>"; };
		769F99531B0CADED00161818 /* VerificationViewController.m */ = {isa = PBXFileReference; fileEncoding = 4; lastKnownFileType = sourcecode.c.objc; path = VerificationViewController.m; sourceTree = "<group>"; };
		76A2515B1AFB7CF80017F285 /* WebViewJavascriptBridge.h */ = {isa = PBXFileReference; fileEncoding = 4; lastKnownFileType = sourcecode.c.h; path = WebViewJavascriptBridge.h; sourceTree = "<group>"; };
		76A2515C1AFB7CF80017F285 /* WebViewJavascriptBridge.js.txt */ = {isa = PBXFileReference; fileEncoding = 4; lastKnownFileType = text; path = WebViewJavascriptBridge.js.txt; sourceTree = "<group>"; };
		76A2515D1AFB7CF80017F285 /* WebViewJavascriptBridge.m */ = {isa = PBXFileReference; fileEncoding = 4; lastKnownFileType = sourcecode.c.objc; path = WebViewJavascriptBridge.m; sourceTree = "<group>"; };
		76A251601AFB866A0017F285 /* CategoryDetailViewController.h */ = {isa = PBXFileReference; fileEncoding = 4; lastKnownFileType = sourcecode.c.h; path = CategoryDetailViewController.h; sourceTree = "<group>"; };
		76A251611AFB866A0017F285 /* CategoryDetailViewController.m */ = {isa = PBXFileReference; fileEncoding = 4; lastKnownFileType = sourcecode.c.objc; path = CategoryDetailViewController.m; sourceTree = "<group>"; };
		76AD1BCB1B7B22D500BA8512 /* DeviceDetect.h */ = {isa = PBXFileReference; lastKnownFileType = sourcecode.c.h; path = DeviceDetect.h; sourceTree = "<group>"; };
		76B6ACF31AFA273C00A987C2 /* ChangePasswordViewController.h */ = {isa = PBXFileReference; fileEncoding = 4; lastKnownFileType = sourcecode.c.h; path = ChangePasswordViewController.h; sourceTree = "<group>"; };
		76B6ACF41AFA273C00A987C2 /* ChangePasswordViewController.m */ = {isa = PBXFileReference; fileEncoding = 4; lastKnownFileType = sourcecode.c.objc; path = ChangePasswordViewController.m; sourceTree = "<group>"; };
		76B6ACF61AFA27D200A987C2 /* RegisterViewController.h */ = {isa = PBXFileReference; fileEncoding = 4; lastKnownFileType = sourcecode.c.h; path = RegisterViewController.h; sourceTree = "<group>"; };
		76B6ACF71AFA27D200A987C2 /* RegisterViewController.m */ = {isa = PBXFileReference; fileEncoding = 4; lastKnownFileType = sourcecode.c.objc; path = RegisterViewController.m; sourceTree = "<group>"; };
		76B6ACFC1AFA49AC00A987C2 /* MyNavigationController.h */ = {isa = PBXFileReference; fileEncoding = 4; lastKnownFileType = sourcecode.c.h; path = MyNavigationController.h; sourceTree = "<group>"; };
		76B6ACFD1AFA49AC00A987C2 /* MyNavigationController.m */ = {isa = PBXFileReference; fileEncoding = 4; lastKnownFileType = sourcecode.c.objc; path = MyNavigationController.m; sourceTree = "<group>"; };
		76B6AD001AFA6B4800A987C2 /* Base */ = {isa = PBXFileReference; lastKnownFileType = file.storyboard; name = Base; path = Base.lproj/Main.storyboard; sourceTree = "<group>"; };
		76B6AD031AFA78C500A987C2 /* SearchResultViewController.h */ = {isa = PBXFileReference; fileEncoding = 4; lastKnownFileType = sourcecode.c.h; path = SearchResultViewController.h; sourceTree = "<group>"; };
		76B6AD041AFA78C500A987C2 /* SearchResultViewController.m */ = {isa = PBXFileReference; fileEncoding = 4; lastKnownFileType = sourcecode.c.objc; path = SearchResultViewController.m; sourceTree = "<group>"; };
		76C3F9B21AFBB0B400821B9B /* ObjectDetailViewController.h */ = {isa = PBXFileReference; fileEncoding = 4; lastKnownFileType = sourcecode.c.h; path = ObjectDetailViewController.h; sourceTree = "<group>"; };
		76C3F9B31AFBB0B400821B9B /* ObjectDetailViewController.m */ = {isa = PBXFileReference; fileEncoding = 4; lastKnownFileType = sourcecode.c.objc; path = ObjectDetailViewController.m; sourceTree = "<group>"; };
		76CAA2C31B90473400D3743A /* VerificationWithCaptchaViewController.h */ = {isa = PBXFileReference; fileEncoding = 4; lastKnownFileType = sourcecode.c.h; path = VerificationWithCaptchaViewController.h; sourceTree = "<group>"; };
		76CAA2C41B90473400D3743A /* VerificationWithCaptchaViewController.m */ = {isa = PBXFileReference; fileEncoding = 4; lastKnownFileType = sourcecode.c.objc; path = VerificationWithCaptchaViewController.m; sourceTree = "<group>"; };
		76DB96421B9217FD004FEDFD /* AvatarViewController.h */ = {isa = PBXFileReference; fileEncoding = 4; lastKnownFileType = sourcecode.c.h; path = AvatarViewController.h; sourceTree = "<group>"; };
		76DB96431B9217FD004FEDFD /* AvatarViewController.m */ = {isa = PBXFileReference; fileEncoding = 4; lastKnownFileType = sourcecode.c.objc; path = AvatarViewController.m; sourceTree = "<group>"; };
		76DB96451B9232F6004FEDFD /* AccountTableViewCell.h */ = {isa = PBXFileReference; fileEncoding = 4; lastKnownFileType = sourcecode.c.h; path = AccountTableViewCell.h; sourceTree = "<group>"; };
		76DB96461B9232F6004FEDFD /* AccountTableViewCell.m */ = {isa = PBXFileReference; fileEncoding = 4; lastKnownFileType = sourcecode.c.objc; path = AccountTableViewCell.m; sourceTree = "<group>"; };
		76DB96491B924617004FEDFD /* AccountDetailViewController.h */ = {isa = PBXFileReference; fileEncoding = 4; lastKnownFileType = sourcecode.c.h; path = AccountDetailViewController.h; sourceTree = "<group>"; };
		76DB964A1B924617004FEDFD /* AccountDetailViewController.m */ = {isa = PBXFileReference; fileEncoding = 4; lastKnownFileType = sourcecode.c.objc; path = AccountDetailViewController.m; sourceTree = "<group>"; };
		76DB964C1B92B64D004FEDFD /* ChangeIntroViewController.h */ = {isa = PBXFileReference; fileEncoding = 4; lastKnownFileType = sourcecode.c.h; path = ChangeIntroViewController.h; sourceTree = "<group>"; };
		76DB964D1B92B64D004FEDFD /* ChangeIntroViewController.m */ = {isa = PBXFileReference; fileEncoding = 4; lastKnownFileType = sourcecode.c.objc; path = ChangeIntroViewController.m; sourceTree = "<group>"; };
		76DB964F1B92DE6B004FEDFD /* RecycleViewController.h */ = {isa = PBXFileReference; fileEncoding = 4; lastKnownFileType = sourcecode.c.h; path = RecycleViewController.h; sourceTree = "<group>"; };
		76DB96501B92DE6B004FEDFD /* RecycleViewController.m */ = {isa = PBXFileReference; fileEncoding = 4; lastKnownFileType = sourcecode.c.objc; path = RecycleViewController.m; sourceTree = "<group>"; };
		76E3332C1AEDF8C40077BACF /* YunGeZi.app */ = {isa = PBXFileReference; explicitFileType = wrapper.application; includeInIndex = 0; path = YunGeZi.app; sourceTree = BUILT_PRODUCTS_DIR; };
		76E333301AEDF8C40077BACF /* Info.plist */ = {isa = PBXFileReference; lastKnownFileType = text.plist.xml; path = Info.plist; sourceTree = "<group>"; };
		76E333311AEDF8C40077BACF /* main.m */ = {isa = PBXFileReference; lastKnownFileType = sourcecode.c.objc; path = main.m; sourceTree = "<group>"; };
		76E333331AEDF8C40077BACF /* AppDelegate.h */ = {isa = PBXFileReference; lastKnownFileType = sourcecode.c.h; path = AppDelegate.h; sourceTree = "<group>"; };
		76E333341AEDF8C40077BACF /* AppDelegate.m */ = {isa = PBXFileReference; lastKnownFileType = sourcecode.c.objc; path = AppDelegate.m; sourceTree = "<group>"; };
		76E333371AEDF8C40077BACF /* YunGeZi.xcdatamodel */ = {isa = PBXFileReference; lastKnownFileType = wrapper.xcdatamodel; path = YunGeZi.xcdatamodel; sourceTree = "<group>"; };
		76E333391AEDF8C40077BACF /* ViewController.h */ = {isa = PBXFileReference; lastKnownFileType = sourcecode.c.h; path = ViewController.h; sourceTree = "<group>"; };
		76E3333A1AEDF8C40077BACF /* ViewController.m */ = {isa = PBXFileReference; lastKnownFileType = sourcecode.c.objc; path = ViewController.m; sourceTree = "<group>"; };
		76E3333F1AEDF8C40077BACF /* Images.xcassets */ = {isa = PBXFileReference; lastKnownFileType = folder.assetcatalog; path = Images.xcassets; sourceTree = "<group>"; };
		76E333421AEDF8C40077BACF /* Base */ = {isa = PBXFileReference; lastKnownFileType = file.xib; name = Base; path = Base.lproj/LaunchScreen.xib; sourceTree = "<group>"; };
		76E333481AEDF8C40077BACF /* YunGeZiTests.xctest */ = {isa = PBXFileReference; explicitFileType = wrapper.cfbundle; includeInIndex = 0; path = YunGeZiTests.xctest; sourceTree = BUILT_PRODUCTS_DIR; };
		76E3334D1AEDF8C40077BACF /* Info.plist */ = {isa = PBXFileReference; lastKnownFileType = text.plist.xml; path = Info.plist; sourceTree = "<group>"; };
		76E3334E1AEDF8C40077BACF /* YunGeZiTests.m */ = {isa = PBXFileReference; lastKnownFileType = sourcecode.c.objc; path = YunGeZiTests.m; sourceTree = "<group>"; };
		B3BA420B256C265BECE28343 /* Pods-YunGeZi.release.xcconfig */ = {isa = PBXFileReference; includeInIndex = 1; lastKnownFileType = text.xcconfig; name = "Pods-YunGeZi.release.xcconfig"; path = "Pods/Target Support Files/Pods-YunGeZi/Pods-YunGeZi.release.xcconfig"; sourceTree = "<group>"; };
		E1910930A10495029112E4AC /* Pods-YunGeZi.debug.xcconfig */ = {isa = PBXFileReference; includeInIndex = 1; lastKnownFileType = text.xcconfig; name = "Pods-YunGeZi.debug.xcconfig"; path = "Pods/Target Support Files/Pods-YunGeZi/Pods-YunGeZi.debug.xcconfig"; sourceTree = "<group>"; };
/* End PBXFileReference section */

/* Begin PBXFrameworksBuildPhase section */
		76E333291AEDF8C40077BACF /* Frameworks */ = {
			isa = PBXFrameworksBuildPhase;
			buildActionMask = 2147483647;
			files = (
				769F994E1B0B788D00161818 /* libz.dylib in Frameworks */,
				A21B52BE0A0E682927476A0F /* libPods-YunGeZi.a in Frameworks */,
				7606DCC41B8FA6C700F489BA /* libMobClickLibrary.a in Frameworks */,
			);
			runOnlyForDeploymentPostprocessing = 0;
		};
		76E333451AEDF8C40077BACF /* Frameworks */ = {
			isa = PBXFrameworksBuildPhase;
			buildActionMask = 2147483647;
			files = (
			);
			runOnlyForDeploymentPostprocessing = 0;
		};
/* End PBXFrameworksBuildPhase section */

/* Begin PBXGroup section */
		2C940EA2F05BFC2F5E529E6D /* Pods */ = {
			isa = PBXGroup;
			children = (
				E1910930A10495029112E4AC /* Pods-YunGeZi.debug.xcconfig */,
				B3BA420B256C265BECE28343 /* Pods-YunGeZi.release.xcconfig */,
			);
			name = Pods;
			sourceTree = "<group>";
		};
		45A4F25A5E812793B1E0A96B /* Frameworks */ = {
			isa = PBXGroup;
			children = (
				1EA2DE70414C548FF7FA4241 /* libPods-YunGeZi.a */,
			);
			name = Frameworks;
			sourceTree = "<group>";
		};
		475691C11B8205CD00D7F78E /* Search */ = {
			isa = PBXGroup;
			children = (
				7651D2BF1AF07434003184A8 /* SearchViewController.h */,
				7651D2C01AF07434003184A8 /* SearchViewController.m */,
				76B6AD031AFA78C500A987C2 /* SearchResultViewController.h */,
				76B6AD041AFA78C500A987C2 /* SearchResultViewController.m */,
			);
			name = Search;
			sourceTree = "<group>";
		};
		475691C61B8304E500D7F78E /* Shared Login Info */ = {
			isa = PBXGroup;
			children = (
				475691C71B8304FC00D7F78E /* LoginInfo.h */,
				475691C81B8304FC00D7F78E /* LoginInfo.m */,
			);
			name = "Shared Login Info";
			sourceTree = "<group>";
		};
		478574471B7DDF5600D99685 /* AccountPage */ = {
			isa = PBXGroup;
			children = (
				76DB96451B9232F6004FEDFD /* AccountTableViewCell.h */,
				76DB96461B9232F6004FEDFD /* AccountTableViewCell.m */,
				7651D2C51AF079BD003184A8 /* AccountViewController.h */,
				7651D2C61AF079BD003184A8 /* AccountViewController.m */,
				76DB96491B924617004FEDFD /* AccountDetailViewController.h */,
				76DB964A1B924617004FEDFD /* AccountDetailViewController.m */,
				76DB96421B9217FD004FEDFD /* AvatarViewController.h */,
				76DB96431B9217FD004FEDFD /* AvatarViewController.m */,
				769F994F1B0C2A0200161818 /* ChangeNickNameViewController.h */,
				769F99501B0C2A0200161818 /* ChangeNickNameViewController.m */,
				76DB964C1B92B64D004FEDFD /* ChangeIntroViewController.h */,
				76DB964D1B92B64D004FEDFD /* ChangeIntroViewController.m */,
			);
			name = AccountPage;
			sourceTree = "<group>";
		};
		4785744B1B7DE02200D99685 /* ChooseSchoolPage */ = {
			isa = PBXGroup;
			children = (
				4785744F1B7F55F900D99685 /* ChooseSchoolTableViewCell.h */,
				478574501B7F55F900D99685 /* ChooseSchoolTableViewCell.m */,
				7613EB681B777D0700C4FB9A /* ChooseSchoolTableViewController.h */,
				7613EB691B777D0700C4FB9A /* ChooseSchoolTableViewController.m */,
			);
			name = ChooseSchoolPage;
			sourceTree = "<group>";
		};
		47F4BBB91B7B47CB00FA8524 /* Setting */ = {
			isa = PBXGroup;
			children = (
				47F4BBBA1B7B47F300FA8524 /* SettingTableViewController.h */,
				47F4BBBB1B7B47F300FA8524 /* SettingTableViewController.m */,
				47F4BBBD1B7B485200FA8524 /* UserSettings.h */,
				47F4BBBE1B7B485200FA8524 /* UserSettings.m */,
			);
			name = Setting;
			sourceTree = "<group>";
		};
		7606DCBC1B8EA55200F489BA /* Verification */ = {
			isa = PBXGroup;
			children = (
				769F99521B0CADED00161818 /* VerificationViewController.h */,
				769F99531B0CADED00161818 /* VerificationViewController.m */,
				76CAA2C31B90473400D3743A /* VerificationWithCaptchaViewController.h */,
				76CAA2C41B90473400D3743A /* VerificationWithCaptchaViewController.m */,
			);
			name = Verification;
			sourceTree = "<group>";
		};
		7606DCBD1B8F996A00F489BA /* SellingPage */ = {
			isa = PBXGroup;
			children = (
				76418B721B1CC803007CE044 /* ActionSheetPickerCustomPickerDelegate.h */,
				76418B731B1CC803007CE044 /* ActionSheetPickerCustomPickerDelegate.m */,
				7651D2C21AF0771B003184A8 /* SellingViewController.h */,
				7651D2C31AF0771B003184A8 /* SellingViewController.m */,
			);
			name = SellingPage;
			sourceTree = "<group>";
		};
		7606DCBE1B8F9AD600F489BA /* MyCustomize */ = {
			isa = PBXGroup;
			children = (
				76B6ACFC1AFA49AC00A987C2 /* MyNavigationController.h */,
				76B6ACFD1AFA49AC00A987C2 /* MyNavigationController.m */,
				7606DCB61B8CB5A100F489BA /* MyButton.h */,
				7606DCB71B8CB5A100F489BA /* MyButton.m */,
			);
			name = MyCustomize;
			sourceTree = "<group>";
		};
		768903F91B93984E00322727 /* Category */ = {
			isa = PBXGroup;
			children = (
				76A251601AFB866A0017F285 /* CategoryDetailViewController.h */,
				76A251611AFB866A0017F285 /* CategoryDetailViewController.m */,
			);
			name = Category;
			sourceTree = "<group>";
		};
		769F994C1B0B782300161818 /* Analyze */ = {
			isa = PBXGroup;
			children = (
				7606DCC21B8FA6C700F489BA /* libMobClickLibrary.a */,
				7606DCC31B8FA6C700F489BA /* MobClick.h */,
			);
			name = Analyze;
			sourceTree = "<group>";
		};
		76A2515A1AFB7CF80017F285 /* WebViewJavascriptBridge */ = {
			isa = PBXGroup;
			children = (
				76A2515B1AFB7CF80017F285 /* WebViewJavascriptBridge.h */,
				76A2515C1AFB7CF80017F285 /* WebViewJavascriptBridge.js.txt */,
				76A2515D1AFB7CF80017F285 /* WebViewJavascriptBridge.m */,
			);
			path = WebViewJavascriptBridge;
			sourceTree = "<group>";
		};
		76AD1BCA1B7AFFA300BA8512 /* Login and Register */ = {
			isa = PBXGroup;
			children = (
				76E333391AEDF8C40077BACF /* ViewController.h */,
				76E3333A1AEDF8C40077BACF /* ViewController.m */,
				76B6ACF31AFA273C00A987C2 /* ChangePasswordViewController.h */,
				76B6ACF41AFA273C00A987C2 /* ChangePasswordViewController.m */,
				76B6ACF61AFA27D200A987C2 /* RegisterViewController.h */,
				76B6ACF71AFA27D200A987C2 /* RegisterViewController.m */,
			);
			name = "Login and Register";
			sourceTree = "<group>";
		};
		76AD1BCF1B7B30E000BA8512 /* MainPage */ = {
			isa = PBXGroup;
			children = (
				47110B251B77A181001C9B5A /* RootViewController.h */,
				47110B261B77A181001C9B5A /* RootViewController.m */,
				7606DCBF1B8FA6A900F489BA /* MainPageViewController.h */,
				7606DCC01B8FA6A900F489BA /* MainPageViewController.m */,
				47110B281B77A2DD001C9B5A /* LeftMenuViewController.h */,
				47110B291B77A2DD001C9B5A /* LeftMenuViewController.m */,
				47F4BBB61B7B17B400FA8524 /* LeftMenuTreeViewModel.h */,
				47F4BBB71B7B17B400FA8524 /* LeftMenuTreeViewModel.m */,
				474C5EFB1B732E7F00CDE2AF /* WaterfallCellView.h */,
				474C5EFC1B732E7F00CDE2AF /* WaterfallCellView.m */,
				7613EB661B7755EC00C4FB9A /* WaterfallCellView.xib */,
				474C5F001B73553300CDE2AF /* WaterfallCellModel.h */,
				474C5F011B73553300CDE2AF /* WaterfallCellModel.m */,
			);
			name = MainPage;
			sourceTree = "<group>";
		};
		76DB96481B924557004FEDFD /* BuyingPage */ = {
			isa = PBXGroup;
			children = (
				7609A1071AFF58F800B134C9 /* ObjectBuyingViewController.h */,
				7609A1081AFF58F800B134C9 /* ObjectBuyingViewController.m */,
				7609A10A1AFF681D00B134C9 /* ObjectBuyingResultViewController.h */,
				7609A10B1AFF681D00B134C9 /* ObjectBuyingResultViewController.m */,
			);
			name = BuyingPage;
			sourceTree = "<group>";
		};
		76E333231AEDF8C30077BACF = {
			isa = PBXGroup;
			children = (
				769F994D1B0B788D00161818 /* libz.dylib */,
				76E3332E1AEDF8C40077BACF /* YunGeZi */,
				76E3334B1AEDF8C40077BACF /* YunGeZiTests */,
				76E3332D1AEDF8C40077BACF /* Products */,
				2C940EA2F05BFC2F5E529E6D /* Pods */,
				45A4F25A5E812793B1E0A96B /* Frameworks */,
			);
			sourceTree = "<group>";
		};
		76E3332D1AEDF8C40077BACF /* Products */ = {
			isa = PBXGroup;
			children = (
				76E3332C1AEDF8C40077BACF /* YunGeZi.app */,
				76E333481AEDF8C40077BACF /* YunGeZiTests.xctest */,
			);
			name = Products;
			sourceTree = "<group>";
		};
		76E3332E1AEDF8C40077BACF /* YunGeZi */ = {
			isa = PBXGroup;
			children = (
				76B6ACFF1AFA6B4800A987C2 /* Main.storyboard */,
				475691C61B8304E500D7F78E /* Shared Login Info */,
				47F4BBB91B7B47CB00FA8524 /* Setting */,
				76AD1BCA1B7AFFA300BA8512 /* Login and Register */,
				76AD1BCF1B7B30E000BA8512 /* MainPage */,
				768903F91B93984E00322727 /* Category */,
				475691C11B8205CD00D7F78E /* Search */,
				76C3F9B21AFBB0B400821B9B /* ObjectDetailViewController.h */,
				76C3F9B31AFBB0B400821B9B /* ObjectDetailViewController.m */,
				76DB96481B924557004FEDFD /* BuyingPage */,
				4785744B1B7DE02200D99685 /* ChooseSchoolPage */,
				478574471B7DDF5600D99685 /* AccountPage */,
				7606DCBD1B8F996A00F489BA /* SellingPage */,
				7603A8271AFC58F6007E4B78 /* OrderViewController.h */,
				7603A8281AFC58F6007E4B78 /* OrderViewController.m */,
				76DB964F1B92DE6B004FEDFD /* RecycleViewController.h */,
				76DB96501B92DE6B004FEDFD /* RecycleViewController.m */,
				7603A82A1AFC682A007E4B78 /* ShopViewController.h */,
				7603A82B1AFC682A007E4B78 /* ShopViewController.m */,
				7606DCBC1B8EA55200F489BA /* Verification */,
				7606DCBE1B8F9AD600F489BA /* MyCustomize */,
				76E3333F1AEDF8C40077BACF /* Images.xcassets */,
				769F994C1B0B782300161818 /* Analyze */,
				76A2515A1AFB7CF80017F285 /* WebViewJavascriptBridge */,
				76E3332F1AEDF8C40077BACF /* Supporting Files */,
			);
			path = YunGeZi;
			sourceTree = "<group>";
		};
		76E3332F1AEDF8C40077BACF /* Supporting Files */ = {
			isa = PBXGroup;
			children = (
				76E333331AEDF8C40077BACF /* AppDelegate.h */,
				76E333341AEDF8C40077BACF /* AppDelegate.m */,
				76AD1BCB1B7B22D500BA8512 /* DeviceDetect.h */,
				76E333411AEDF8C40077BACF /* LaunchScreen.xib */,
				76E333361AEDF8C40077BACF /* YunGeZi.xcdatamodeld */,
				76E333301AEDF8C40077BACF /* Info.plist */,
				761F4E961B763795009E527A /* boxbuy.plist */,
				76E333311AEDF8C40077BACF /* main.m */,
			);
			name = "Supporting Files";
			sourceTree = "<group>";
		};
		76E3334B1AEDF8C40077BACF /* YunGeZiTests */ = {
			isa = PBXGroup;
			children = (
				76E3334E1AEDF8C40077BACF /* YunGeZiTests.m */,
				76E3334C1AEDF8C40077BACF /* Supporting Files */,
			);
			path = YunGeZiTests;
			sourceTree = "<group>";
		};
		76E3334C1AEDF8C40077BACF /* Supporting Files */ = {
			isa = PBXGroup;
			children = (
				76E3334D1AEDF8C40077BACF /* Info.plist */,
			);
			name = "Supporting Files";
			sourceTree = "<group>";
		};
/* End PBXGroup section */

/* Begin PBXNativeTarget section */
		76E3332B1AEDF8C40077BACF /* YunGeZi */ = {
			isa = PBXNativeTarget;
			buildConfigurationList = 76E333521AEDF8C40077BACF /* Build configuration list for PBXNativeTarget "YunGeZi" */;
			buildPhases = (
				8BBB7C242A3511046E79723D /* Check Pods Manifest.lock */,
				76E333281AEDF8C40077BACF /* Sources */,
				76E333291AEDF8C40077BACF /* Frameworks */,
				76E3332A1AEDF8C40077BACF /* Resources */,
				434894032BBE2703EB16EB74 /* Copy Pods Resources */,
			);
			buildRules = (
			);
			dependencies = (
			);
			name = YunGeZi;
			productName = YunGeZi;
			productReference = 76E3332C1AEDF8C40077BACF /* YunGeZi.app */;
			productType = "com.apple.product-type.application";
		};
		76E333471AEDF8C40077BACF /* YunGeZiTests */ = {
			isa = PBXNativeTarget;
			buildConfigurationList = 76E333551AEDF8C40077BACF /* Build configuration list for PBXNativeTarget "YunGeZiTests" */;
			buildPhases = (
				76E333441AEDF8C40077BACF /* Sources */,
				76E333451AEDF8C40077BACF /* Frameworks */,
				76E333461AEDF8C40077BACF /* Resources */,
			);
			buildRules = (
			);
			dependencies = (
				76E3334A1AEDF8C40077BACF /* PBXTargetDependency */,
			);
			name = YunGeZiTests;
			productName = YunGeZiTests;
			productReference = 76E333481AEDF8C40077BACF /* YunGeZiTests.xctest */;
			productType = "com.apple.product-type.bundle.unit-test";
		};
/* End PBXNativeTarget section */

/* Begin PBXProject section */
		76E333241AEDF8C30077BACF /* Project object */ = {
			isa = PBXProject;
			attributes = {
				LastUpgradeCheck = 0630;
				ORGANIZATIONNAME = ZJU;
				TargetAttributes = {
					76E3332B1AEDF8C40077BACF = {
						CreatedOnToolsVersion = 6.3;
					};
					76E333471AEDF8C40077BACF = {
						CreatedOnToolsVersion = 6.3;
						TestTargetID = 76E3332B1AEDF8C40077BACF;
					};
				};
			};
			buildConfigurationList = 76E333271AEDF8C30077BACF /* Build configuration list for PBXProject "YunGeZi" */;
			compatibilityVersion = "Xcode 3.2";
			developmentRegion = English;
			hasScannedForEncodings = 0;
			knownRegions = (
				en,
				Base,
			);
			mainGroup = 76E333231AEDF8C30077BACF;
			productRefGroup = 76E3332D1AEDF8C40077BACF /* Products */;
			projectDirPath = "";
			projectRoot = "";
			targets = (
				76E3332B1AEDF8C40077BACF /* YunGeZi */,
				76E333471AEDF8C40077BACF /* YunGeZiTests */,
			);
		};
/* End PBXProject section */

/* Begin PBXResourcesBuildPhase section */
		76E3332A1AEDF8C40077BACF /* Resources */ = {
			isa = PBXResourcesBuildPhase;
			buildActionMask = 2147483647;
			files = (
				76A2515E1AFB7CF80017F285 /* WebViewJavascriptBridge.js.txt in Resources */,
				7613EB671B7755EC00C4FB9A /* WaterfallCellView.xib in Resources */,
				761F4E971B763795009E527A /* boxbuy.plist in Resources */,
				76B6AD011AFA6B4800A987C2 /* Main.storyboard in Resources */,
				76E333431AEDF8C40077BACF /* LaunchScreen.xib in Resources */,
				76E333401AEDF8C40077BACF /* Images.xcassets in Resources */,
			);
			runOnlyForDeploymentPostprocessing = 0;
		};
		76E333461AEDF8C40077BACF /* Resources */ = {
			isa = PBXResourcesBuildPhase;
			buildActionMask = 2147483647;
			files = (
			);
			runOnlyForDeploymentPostprocessing = 0;
		};
/* End PBXResourcesBuildPhase section */

/* Begin PBXShellScriptBuildPhase section */
		434894032BBE2703EB16EB74 /* Copy Pods Resources */ = {
			isa = PBXShellScriptBuildPhase;
			buildActionMask = 2147483647;
			files = (
			);
			inputPaths = (
			);
			name = "Copy Pods Resources";
			outputPaths = (
			);
			runOnlyForDeploymentPostprocessing = 0;
			shellPath = /bin/sh;
			shellScript = "\"${SRCROOT}/Pods/Target Support Files/Pods-YunGeZi/Pods-YunGeZi-resources.sh\"\n";
			showEnvVarsInLog = 0;
		};
		8BBB7C242A3511046E79723D /* Check Pods Manifest.lock */ = {
			isa = PBXShellScriptBuildPhase;
			buildActionMask = 2147483647;
			files = (
			);
			inputPaths = (
			);
			name = "Check Pods Manifest.lock";
			outputPaths = (
			);
			runOnlyForDeploymentPostprocessing = 0;
			shellPath = /bin/sh;
			shellScript = "diff \"${PODS_ROOT}/../Podfile.lock\" \"${PODS_ROOT}/Manifest.lock\" > /dev/null\nif [[ $? != 0 ]] ; then\n    cat << EOM\nerror: The sandbox is not in sync with the Podfile.lock. Run 'pod install' or update your CocoaPods installation.\nEOM\n    exit 1\nfi\n";
			showEnvVarsInLog = 0;
		};
/* End PBXShellScriptBuildPhase section */

/* Begin PBXSourcesBuildPhase section */
		76E333281AEDF8C40077BACF /* Sources */ = {
			isa = PBXSourcesBuildPhase;
			buildActionMask = 2147483647;
			files = (
				76C3F9B41AFBB0B400821B9B /* ObjectDetailViewController.m in Sources */,
				475691C91B8304FC00D7F78E /* LoginInfo.m in Sources */,
				76DB96471B9232F6004FEDFD /* AccountTableViewCell.m in Sources */,
				76B6ACF81AFA27D200A987C2 /* RegisterViewController.m in Sources */,
				769F99511B0C2A0200161818 /* ChangeNickNameViewController.m in Sources */,
				7603A8291AFC58F6007E4B78 /* OrderViewController.m in Sources */,
				76B6AD051AFA78C500A987C2 /* SearchResultViewController.m in Sources */,
				478574511B7F55F900D99685 /* ChooseSchoolTableViewCell.m in Sources */,
				76B6ACFE1AFA49AC00A987C2 /* MyNavigationController.m in Sources */,
				76A2515F1AFB7CF80017F285 /* WebViewJavascriptBridge.m in Sources */,
				47F4BBB81B7B17B400FA8524 /* LeftMenuTreeViewModel.m in Sources */,
				474C5EFE1B732E7F00CDE2AF /* WaterfallCellView.m in Sources */,
				76E333351AEDF8C40077BACF /* AppDelegate.m in Sources */,
				76DB96511B92DE6B004FEDFD /* RecycleViewController.m in Sources */,
				76DB964B1B924617004FEDFD /* AccountDetailViewController.m in Sources */,
				7609A10C1AFF681D00B134C9 /* ObjectBuyingResultViewController.m in Sources */,
				47110B2A1B77A2DD001C9B5A /* LeftMenuViewController.m in Sources */,
				47F4BBBF1B7B485200FA8524 /* UserSettings.m in Sources */,
				76E333381AEDF8C40077BACF /* YunGeZi.xcdatamodeld in Sources */,
				7613EB6A1B777D0700C4FB9A /* ChooseSchoolTableViewController.m in Sources */,
				7609A1091AFF58F800B134C9 /* ObjectBuyingViewController.m in Sources */,
				769F99541B0CADED00161818 /* VerificationViewController.m in Sources */,
				76E3333B1AEDF8C40077BACF /* ViewController.m in Sources */,
				47110B271B77A181001C9B5A /* RootViewController.m in Sources */,
				76B6ACF51AFA273C00A987C2 /* ChangePasswordViewController.m in Sources */,
				76A251621AFB866A0017F285 /* CategoryDetailViewController.m in Sources */,
				76DB964E1B92B64D004FEDFD /* ChangeIntroViewController.m in Sources */,
				7606DCC11B8FA6A900F489BA /* MainPageViewController.m in Sources */,
				76418B741B1CC803007CE044 /* ActionSheetPickerCustomPickerDelegate.m in Sources */,
				7606DCB81B8CB5A100F489BA /* MyButton.m in Sources */,
				7603A82C1AFC682A007E4B78 /* ShopViewController.m in Sources */,
				7651D2C71AF079BD003184A8 /* AccountViewController.m in Sources */,
				7651D2C11AF07434003184A8 /* SearchViewController.m in Sources */,
				76E333321AEDF8C40077BACF /* main.m in Sources */,
				76DB96441B9217FD004FEDFD /* AvatarViewController.m in Sources */,
				76CAA2C51B90473400D3743A /* VerificationWithCaptchaViewController.m in Sources */,
				47F4BBBC1B7B47F300FA8524 /* SettingTableViewController.m in Sources */,
				7651D2C41AF0771B003184A8 /* SellingViewController.m in Sources */,
				474C5F021B73553300CDE2AF /* WaterfallCellModel.m in Sources */,
			);
			runOnlyForDeploymentPostprocessing = 0;
		};
		76E333441AEDF8C40077BACF /* Sources */ = {
			isa = PBXSourcesBuildPhase;
			buildActionMask = 2147483647;
			files = (
				76E3334F1AEDF8C40077BACF /* YunGeZiTests.m in Sources */,
			);
			runOnlyForDeploymentPostprocessing = 0;
		};
/* End PBXSourcesBuildPhase section */

/* Begin PBXTargetDependency section */
		76E3334A1AEDF8C40077BACF /* PBXTargetDependency */ = {
			isa = PBXTargetDependency;
			target = 76E3332B1AEDF8C40077BACF /* YunGeZi */;
			targetProxy = 76E333491AEDF8C40077BACF /* PBXContainerItemProxy */;
		};
/* End PBXTargetDependency section */

/* Begin PBXVariantGroup section */
		76B6ACFF1AFA6B4800A987C2 /* Main.storyboard */ = {
			isa = PBXVariantGroup;
			children = (
				76B6AD001AFA6B4800A987C2 /* Base */,
			);
			name = Main.storyboard;
			sourceTree = "<group>";
		};
		76E333411AEDF8C40077BACF /* LaunchScreen.xib */ = {
			isa = PBXVariantGroup;
			children = (
				76E333421AEDF8C40077BACF /* Base */,
			);
			name = LaunchScreen.xib;
			sourceTree = "<group>";
		};
/* End PBXVariantGroup section */

/* Begin XCBuildConfiguration section */
		76E333501AEDF8C40077BACF /* Debug */ = {
			isa = XCBuildConfiguration;
			buildSettings = {
				ALWAYS_SEARCH_USER_PATHS = NO;
				CLANG_CXX_LANGUAGE_STANDARD = "gnu++0x";
				CLANG_CXX_LIBRARY = "libc++";
				CLANG_ENABLE_MODULES = YES;
				CLANG_ENABLE_OBJC_ARC = YES;
				CLANG_WARN_BOOL_CONVERSION = YES;
				CLANG_WARN_CONSTANT_CONVERSION = YES;
				CLANG_WARN_DIRECT_OBJC_ISA_USAGE = YES_ERROR;
				CLANG_WARN_EMPTY_BODY = YES;
				CLANG_WARN_ENUM_CONVERSION = YES;
				CLANG_WARN_INT_CONVERSION = YES;
				CLANG_WARN_OBJC_ROOT_CLASS = YES_ERROR;
				CLANG_WARN_UNREACHABLE_CODE = YES;
				CLANG_WARN__DUPLICATE_METHOD_MATCH = YES;
				"CODE_SIGN_IDENTITY[sdk=iphoneos*]" = "iPhone Developer";
				COPY_PHASE_STRIP = NO;
				DEBUG_INFORMATION_FORMAT = "dwarf-with-dsym";
				ENABLE_STRICT_OBJC_MSGSEND = YES;
				GCC_C_LANGUAGE_STANDARD = gnu99;
				GCC_DYNAMIC_NO_PIC = NO;
				GCC_NO_COMMON_BLOCKS = YES;
				GCC_OPTIMIZATION_LEVEL = 0;
				GCC_PREPROCESSOR_DEFINITIONS = (
					"DEBUG=1",
					"$(inherited)",
				);
				GCC_SYMBOLS_PRIVATE_EXTERN = NO;
				GCC_WARN_64_TO_32_BIT_CONVERSION = YES;
				GCC_WARN_ABOUT_RETURN_TYPE = YES_ERROR;
				GCC_WARN_UNDECLARED_SELECTOR = YES;
				GCC_WARN_UNINITIALIZED_AUTOS = YES_AGGRESSIVE;
				GCC_WARN_UNUSED_FUNCTION = YES;
				GCC_WARN_UNUSED_VARIABLE = YES;
				IPHONEOS_DEPLOYMENT_TARGET = 8.3;
				MTL_ENABLE_DEBUG_INFO = YES;
				ONLY_ACTIVE_ARCH = YES;
				SDKROOT = iphoneos;
			};
			name = Debug;
		};
		76E333511AEDF8C40077BACF /* Release */ = {
			isa = XCBuildConfiguration;
			buildSettings = {
				ALWAYS_SEARCH_USER_PATHS = NO;
				CLANG_CXX_LANGUAGE_STANDARD = "gnu++0x";
				CLANG_CXX_LIBRARY = "libc++";
				CLANG_ENABLE_MODULES = YES;
				CLANG_ENABLE_OBJC_ARC = YES;
				CLANG_WARN_BOOL_CONVERSION = YES;
				CLANG_WARN_CONSTANT_CONVERSION = YES;
				CLANG_WARN_DIRECT_OBJC_ISA_USAGE = YES_ERROR;
				CLANG_WARN_EMPTY_BODY = YES;
				CLANG_WARN_ENUM_CONVERSION = YES;
				CLANG_WARN_INT_CONVERSION = YES;
				CLANG_WARN_OBJC_ROOT_CLASS = YES_ERROR;
				CLANG_WARN_UNREACHABLE_CODE = YES;
				CLANG_WARN__DUPLICATE_METHOD_MATCH = YES;
				"CODE_SIGN_IDENTITY[sdk=iphoneos*]" = "iPhone Developer";
				COPY_PHASE_STRIP = NO;
				DEBUG_INFORMATION_FORMAT = "dwarf-with-dsym";
				ENABLE_NS_ASSERTIONS = NO;
				ENABLE_STRICT_OBJC_MSGSEND = YES;
				GCC_C_LANGUAGE_STANDARD = gnu99;
				GCC_NO_COMMON_BLOCKS = YES;
				GCC_WARN_64_TO_32_BIT_CONVERSION = YES;
				GCC_WARN_ABOUT_RETURN_TYPE = YES_ERROR;
				GCC_WARN_UNDECLARED_SELECTOR = YES;
				GCC_WARN_UNINITIALIZED_AUTOS = YES_AGGRESSIVE;
				GCC_WARN_UNUSED_FUNCTION = YES;
				GCC_WARN_UNUSED_VARIABLE = YES;
				IPHONEOS_DEPLOYMENT_TARGET = 8.3;
				MTL_ENABLE_DEBUG_INFO = NO;
				SDKROOT = iphoneos;
				VALIDATE_PRODUCT = YES;
			};
			name = Release;
		};
		76E333531AEDF8C40077BACF /* Debug */ = {
			isa = XCBuildConfiguration;
			baseConfigurationReference = E1910930A10495029112E4AC /* Pods-YunGeZi.debug.xcconfig */;
			buildSettings = {
				ASSETCATALOG_COMPILER_APPICON_NAME = AppIcon;
				INFOPLIST_FILE = YunGeZi/Info.plist;
				IPHONEOS_DEPLOYMENT_TARGET = 8.4;
				LD_RUNPATH_SEARCH_PATHS = "$(inherited) @executable_path/Frameworks";
				LIBRARY_SEARCH_PATHS = (
					"$(inherited)",
					"$(PROJECT_DIR)",
					"$(PROJECT_DIR)/YunGeZi",
				);
				PRODUCT_NAME = "$(TARGET_NAME)";
				TARGETED_DEVICE_FAMILY = 1;
				USER_HEADER_SEARCH_PATHS = "$(PODS_ROOT)/**";
			};
			name = Debug;
		};
		76E333541AEDF8C40077BACF /* Release */ = {
			isa = XCBuildConfiguration;
			baseConfigurationReference = B3BA420B256C265BECE28343 /* Pods-YunGeZi.release.xcconfig */;
			buildSettings = {
				ASSETCATALOG_COMPILER_APPICON_NAME = AppIcon;
				INFOPLIST_FILE = YunGeZi/Info.plist;
				IPHONEOS_DEPLOYMENT_TARGET = 8.4;
				LD_RUNPATH_SEARCH_PATHS = "$(inherited) @executable_path/Frameworks";
				LIBRARY_SEARCH_PATHS = (
					"$(inherited)",
					"$(PROJECT_DIR)",
					"$(PROJECT_DIR)/YunGeZi",
				);
				PRODUCT_NAME = "$(TARGET_NAME)";
				TARGETED_DEVICE_FAMILY = 1;
			};
			name = Release;
		};
		76E333561AEDF8C40077BACF /* Debug */ = {
			isa = XCBuildConfiguration;
			buildSettings = {
				BUNDLE_LOADER = "$(TEST_HOST)";
				FRAMEWORK_SEARCH_PATHS = (
					"$(SDKROOT)/Developer/Library/Frameworks",
					"$(inherited)",
				);
				GCC_PREPROCESSOR_DEFINITIONS = (
					"DEBUG=1",
					"$(inherited)",
				);
				INFOPLIST_FILE = YunGeZiTests/Info.plist;
				LD_RUNPATH_SEARCH_PATHS = "$(inherited) @executable_path/Frameworks @loader_path/Frameworks";
				PRODUCT_NAME = "$(TARGET_NAME)";
				TEST_HOST = "$(BUILT_PRODUCTS_DIR)/YunGeZi.app/YunGeZi";
			};
			name = Debug;
		};
		76E333571AEDF8C40077BACF /* Release */ = {
			isa = XCBuildConfiguration;
			buildSettings = {
				BUNDLE_LOADER = "$(TEST_HOST)";
				FRAMEWORK_SEARCH_PATHS = (
					"$(SDKROOT)/Developer/Library/Frameworks",
					"$(inherited)",
				);
				INFOPLIST_FILE = YunGeZiTests/Info.plist;
				LD_RUNPATH_SEARCH_PATHS = "$(inherited) @executable_path/Frameworks @loader_path/Frameworks";
				PRODUCT_NAME = "$(TARGET_NAME)";
				TEST_HOST = "$(BUILT_PRODUCTS_DIR)/YunGeZi.app/YunGeZi";
			};
			name = Release;
		};
/* End XCBuildConfiguration section */

/* Begin XCConfigurationList section */
		76E333271AEDF8C30077BACF /* Build configuration list for PBXProject "YunGeZi" */ = {
			isa = XCConfigurationList;
			buildConfigurations = (
				76E333501AEDF8C40077BACF /* Debug */,
				76E333511AEDF8C40077BACF /* Release */,
			);
			defaultConfigurationIsVisible = 0;
			defaultConfigurationName = Release;
		};
		76E333521AEDF8C40077BACF /* Build configuration list for PBXNativeTarget "YunGeZi" */ = {
			isa = XCConfigurationList;
			buildConfigurations = (
				76E333531AEDF8C40077BACF /* Debug */,
				76E333541AEDF8C40077BACF /* Release */,
			);
			defaultConfigurationIsVisible = 0;
			defaultConfigurationName = Release;
		};
		76E333551AEDF8C40077BACF /* Build configuration list for PBXNativeTarget "YunGeZiTests" */ = {
			isa = XCConfigurationList;
			buildConfigurations = (
				76E333561AEDF8C40077BACF /* Debug */,
				76E333571AEDF8C40077BACF /* Release */,
			);
			defaultConfigurationIsVisible = 0;
			defaultConfigurationName = Release;
		};
/* End XCConfigurationList section */

/* Begin XCVersionGroup section */
		76E333361AEDF8C40077BACF /* YunGeZi.xcdatamodeld */ = {
			isa = XCVersionGroup;
			children = (
				76E333371AEDF8C40077BACF /* YunGeZi.xcdatamodel */,
			);
			currentVersion = 76E333371AEDF8C40077BACF /* YunGeZi.xcdatamodel */;
			path = YunGeZi.xcdatamodeld;
			sourceTree = "<group>";
			versionGroupType = wrapper.xcdatamodel;
		};
/* End XCVersionGroup section */
	};
	rootObject = 76E333241AEDF8C30077BACF /* Project object */;
}
